// !$*UTF8*$!
{
	archiveVersion = 1;
	classes = {
	};
	objectVersion = 46;
	objects = {

/* Begin PBXAggregateTarget section */
		571551085A7EE71AB51539F3 /* waterphonePlugin - All */ = {
			isa = PBXAggregateTarget;
			buildConfigurationList = 19FC75B009DBCEB0B49B5595 /* Build configuration list for PBXAggregateTarget "waterphonePlugin - All" */;
			buildPhases = (
			);
			dependencies = (
				28547089A2942DE27EBEB932 /* PBXTargetDependency */,
				AD40F9FEE4B5B30E43F97E81 /* PBXTargetDependency */,
				5340E87FB287DA2C5CA424EF /* PBXTargetDependency */,
				C6731145A35D546D89C264B5 /* PBXTargetDependency */,
			);
			name = "waterphonePlugin - All";
			productName = waterphonePlugin;
		};
/* End PBXAggregateTarget section */

/* Begin PBXBuildFile section */
		00FF45B78A98828748E4B730 /* include_juce_events.mm in Sources */ = {isa = PBXBuildFile; fileRef = A483CCD49C62701C132EFE17 /* include_juce_events.mm */; };
		03C41A4D3760294F0DA163F1 /* include_juce_gui_extra.mm in Sources */ = {isa = PBXBuildFile; fileRef = 2F798B6120EED98EDDB9E6B2 /* include_juce_gui_extra.mm */; };
		067BF8D9156A7A1BA2962240 /* include_juce_core.mm in Sources */ = {isa = PBXBuildFile; fileRef = 1881E085A75C1F2CE57F95CF /* include_juce_core.mm */; };
		0E5E92AD56FFDAA8D60FAC98 /* PluginProcessor.cpp in Sources */ = {isa = PBXBuildFile; fileRef = B2E0915D9AB7BD101A98B6AE /* PluginProcessor.cpp */; };
		16C37535CE1D7B9FE49DC319 /* include_juce_audio_plugin_client_AU.r in Rez */ = {isa = PBXBuildFile; fileRef = 50B1114F69A29ADC48CD4832 /* include_juce_audio_plugin_client_AU.r */; };
		18FCF6F574C7206446A55BD8 /* include_juce_audio_plugin_client_AU_2.mm in Sources */ = {isa = PBXBuildFile; fileRef = A94233E372F2A61124C2C87F /* include_juce_audio_plugin_client_AU_2.mm */; };
		2762E4D9CC132C9A7B6EA85D /* include_juce_graphics.mm in Sources */ = {isa = PBXBuildFile; fileRef = 6E89B113BDD4B738F34D59C1 /* include_juce_graphics.mm */; };
		38E4C943318EEA6567F24566 /* include_juce_audio_plugin_client_VST_utils.mm in Sources */ = {isa = PBXBuildFile; fileRef = 836ADAD1D5F2FD7B5EA5AB7F /* include_juce_audio_plugin_client_VST_utils.mm */; };
		3C89322148617C7C82D8DD89 /* include_juce_audio_processors.mm in Sources */ = {isa = PBXBuildFile; fileRef = D6438961D2557D04ACDB985D /* include_juce_audio_processors.mm */; };
		5F998D1CEC1258E343ADA9CE /* Accelerate.framework in Frameworks */ = {isa = PBXBuildFile; fileRef = 278BF6E8D61072FD092A437D /* Accelerate.framework */; };
		63279904CB1015C5AB1A72DA /* include_juce_audio_plugin_client_VST3.cpp in Sources */ = {isa = PBXBuildFile; fileRef = 624A32E1C0BC0F3E1B3A3E98 /* include_juce_audio_plugin_client_VST3.cpp */; };
		6A923A835525E96C1174BED3 /* include_juce_audio_plugin_client_AU_1.mm in Sources */ = {isa = PBXBuildFile; fileRef = 7C8A412FA570229FB70623B1 /* include_juce_audio_plugin_client_AU_1.mm */; };
		6EAE7731FCAF32697E891FE3 /* AudioToolbox.framework in Frameworks */ = {isa = PBXBuildFile; fileRef = BC9CF56EE9B9D110854A8084 /* AudioToolbox.framework */; };
		70C1642BDBBA728040BE9DAA /* CoreMIDI.framework in Frameworks */ = {isa = PBXBuildFile; fileRef = C45D64F1631C2F11D3AD1019 /* CoreMIDI.framework */; };
		76801C84D6A3E99770DFB5E0 /* CoreAudioKit.framework in Frameworks */ = {isa = PBXBuildFile; fileRef = 1D3FA81FDCC37F701B2B1F8F /* CoreAudioKit.framework */; };
		782438F8F070596338AD975E /* IOKit.framework in Frameworks */ = {isa = PBXBuildFile; fileRef = DDC4AA793CEBCFAA33CEAE9A /* IOKit.framework */; };
		7F3F87BEF1FF3B3457FB6CA8 /* QuartzCore.framework in Frameworks */ = {isa = PBXBuildFile; fileRef = 91489BAE73B5967163C4024E /* QuartzCore.framework */; };
		80C70906FE739C7131DE8BCD /* include_juce_audio_utils.mm in Sources */ = {isa = PBXBuildFile; fileRef = 7B127249A14BFC4C4D421099 /* include_juce_audio_utils.mm */; };
		853767D9213981428A519837 /* include_juce_audio_plugin_client_Standalone.cpp in Sources */ = {isa = PBXBuildFile; fileRef = 8544CB629FB28CED717031E8 /* include_juce_audio_plugin_client_Standalone.cpp */; };
		88EE6DD2CCF712CE58450077 /* Foundation.framework in Frameworks */ = {isa = PBXBuildFile; fileRef = 4C5C3CD4E3AE60F45E824E50 /* Foundation.framework */; };
		9E0B07B3276F7170B22B0939 /* include_juce_audio_plugin_client_utils.cpp in Sources */ = {isa = PBXBuildFile; fileRef = F71B054926B7E4EB62B46976 /* include_juce_audio_plugin_client_utils.cpp */; };
		A01FCEAFC396E9B834D6B95D /* PluginEditor.cpp in Sources */ = {isa = PBXBuildFile; fileRef = 115D2ACF1A1001B510BFB7A4 /* PluginEditor.cpp */; };
		AB67A2B35869631EAE982DD5 /* Cocoa.framework in Frameworks */ = {isa = PBXBuildFile; fileRef = 45C73F2097CAE8DD8558BD82 /* Cocoa.framework */; };
		AFC2CC70F50E892E2D17A5B7 /* include_juce_audio_devices.mm in Sources */ = {isa = PBXBuildFile; fileRef = 31CF66448700176132B50D27 /* include_juce_audio_devices.mm */; };
		B2F07A66F6384F5590CC413A /* DiscRecording.framework in Frameworks */ = {isa = PBXBuildFile; fileRef = 9133E2CEF66AF6915EACE25B /* DiscRecording.framework */; };
		BA2CEF3B16B5FD18ECDAF9A5 /* include_juce_audio_formats.mm in Sources */ = {isa = PBXBuildFile; fileRef = 0FDF8E3273D06D4ED61A9A41 /* include_juce_audio_formats.mm */; };
		BC34C537AE8EC43088EA8EDC /* include_juce_audio_basics.mm in Sources */ = {isa = PBXBuildFile; fileRef = E7E34DAFEB4A6FFC6CFDDE75 /* include_juce_audio_basics.mm */; };
		CA7BD3821D086499DB40AE39 /* include_juce_data_structures.mm in Sources */ = {isa = PBXBuildFile; fileRef = CFC89119B04D59B7288C14B7 /* include_juce_data_structures.mm */; };
		CED2F06E27692F0F00B3010A /* RecentFilesMenuTemplate.nib in Resources */ = {isa = PBXBuildFile; fileRef = D17DB2332A69786E1ABABB0E /* RecentFilesMenuTemplate.nib */; };
		CED2F06F27692F0F00B3010A /* Accelerate.framework in Frameworks */ = {isa = PBXBuildFile; fileRef = 278BF6E8D61072FD092A437D /* Accelerate.framework */; };
		CED2F07027692F0F00B3010A /* AudioToolbox.framework in Frameworks */ = {isa = PBXBuildFile; fileRef = BC9CF56EE9B9D110854A8084 /* AudioToolbox.framework */; };
		CED2F07127692F0F00B3010A /* Carbon.framework in Frameworks */ = {isa = PBXBuildFile; fileRef = 0FE0B7D930E34F2DA56F77CF /* Carbon.framework */; };
		CED2F07227692F0F00B3010A /* Cocoa.framework in Frameworks */ = {isa = PBXBuildFile; fileRef = 45C73F2097CAE8DD8558BD82 /* Cocoa.framework */; };
		CED2F07327692F0F00B3010A /* CoreAudio.framework in Frameworks */ = {isa = PBXBuildFile; fileRef = F6B619554EA59F73903BDF49 /* CoreAudio.framework */; };
		CED2F07427692F0F00B3010A /* CoreAudioKit.framework in Frameworks */ = {isa = PBXBuildFile; fileRef = 1D3FA81FDCC37F701B2B1F8F /* CoreAudioKit.framework */; };
		CED2F07527692F0F00B3010A /* CoreMIDI.framework in Frameworks */ = {isa = PBXBuildFile; fileRef = C45D64F1631C2F11D3AD1019 /* CoreMIDI.framework */; };
		CED2F07627692F0F00B3010A /* DiscRecording.framework in Frameworks */ = {isa = PBXBuildFile; fileRef = 9133E2CEF66AF6915EACE25B /* DiscRecording.framework */; };
		CED2F07727692F0F00B3010A /* Foundation.framework in Frameworks */ = {isa = PBXBuildFile; fileRef = 4C5C3CD4E3AE60F45E824E50 /* Foundation.framework */; };
		CED2F07827692F0F00B3010A /* IOKit.framework in Frameworks */ = {isa = PBXBuildFile; fileRef = DDC4AA793CEBCFAA33CEAE9A /* IOKit.framework */; };
		CED2F07927692F0F00B3010A /* QuartzCore.framework in Frameworks */ = {isa = PBXBuildFile; fileRef = 91489BAE73B5967163C4024E /* QuartzCore.framework */; };
		CED2F07A27692F0F00B3010A /* WebKit.framework in Frameworks */ = {isa = PBXBuildFile; fileRef = E34B34073B03731CDB7BA678 /* WebKit.framework */; };
		CED2F07B27692F0F00B3010A /* RecentFilesMenuTemplate.nib in Resources */ = {isa = PBXBuildFile; fileRef = D17DB2332A69786E1ABABB0E /* RecentFilesMenuTemplate.nib */; };
		CED2F07C27692F0F00B3010A /* Accelerate.framework in Frameworks */ = {isa = PBXBuildFile; fileRef = 278BF6E8D61072FD092A437D /* Accelerate.framework */; };
		CED2F07D27692F0F00B3010A /* AudioToolbox.framework in Frameworks */ = {isa = PBXBuildFile; fileRef = BC9CF56EE9B9D110854A8084 /* AudioToolbox.framework */; };
		CED2F07E27692F0F00B3010A /* Carbon.framework in Frameworks */ = {isa = PBXBuildFile; fileRef = 0FE0B7D930E34F2DA56F77CF /* Carbon.framework */; };
		CED2F07F27692F0F00B3010A /* Cocoa.framework in Frameworks */ = {isa = PBXBuildFile; fileRef = 45C73F2097CAE8DD8558BD82 /* Cocoa.framework */; };
		CED2F08027692F0F00B3010A /* CoreAudio.framework in Frameworks */ = {isa = PBXBuildFile; fileRef = F6B619554EA59F73903BDF49 /* CoreAudio.framework */; };
		CED2F08127692F0F00B3010A /* CoreAudioKit.framework in Frameworks */ = {isa = PBXBuildFile; fileRef = 1D3FA81FDCC37F701B2B1F8F /* CoreAudioKit.framework */; };
		CED2F08227692F0F00B3010A /* CoreMIDI.framework in Frameworks */ = {isa = PBXBuildFile; fileRef = C45D64F1631C2F11D3AD1019 /* CoreMIDI.framework */; };
		CED2F08327692F0F00B3010A /* DiscRecording.framework in Frameworks */ = {isa = PBXBuildFile; fileRef = 9133E2CEF66AF6915EACE25B /* DiscRecording.framework */; };
		CED2F08427692F0F00B3010A /* Foundation.framework in Frameworks */ = {isa = PBXBuildFile; fileRef = 4C5C3CD4E3AE60F45E824E50 /* Foundation.framework */; };
		CED2F08527692F0F00B3010A /* IOKit.framework in Frameworks */ = {isa = PBXBuildFile; fileRef = DDC4AA793CEBCFAA33CEAE9A /* IOKit.framework */; };
		CED2F08627692F0F00B3010A /* QuartzCore.framework in Frameworks */ = {isa = PBXBuildFile; fileRef = 91489BAE73B5967163C4024E /* QuartzCore.framework */; };
		CED2F08727692F0F00B3010A /* WebKit.framework in Frameworks */ = {isa = PBXBuildFile; fileRef = E34B34073B03731CDB7BA678 /* WebKit.framework */; };
		CF491A36D377C2ABC3843B97 /* WebKit.framework in Frameworks */ = {isa = PBXBuildFile; fileRef = E34B34073B03731CDB7BA678 /* WebKit.framework */; };
		DC94A3740E99499129834583 /* Carbon.framework in Frameworks */ = {isa = PBXBuildFile; fileRef = 0FE0B7D930E34F2DA56F77CF /* Carbon.framework */; };
		E0D579DAAE92F82BEE4000D3 /* AudioUnit.framework in Frameworks */ = {isa = PBXBuildFile; fileRef = 0B2332F926D282A5727EDEB1 /* AudioUnit.framework */; };
		E3C91B42CF95CFFD66B6774C /* CoreAudio.framework in Frameworks */ = {isa = PBXBuildFile; fileRef = F6B619554EA59F73903BDF49 /* CoreAudio.framework */; };
		E408452133F1DCFF05CEBC01 /* include_juce_gui_basics.mm in Sources */ = {isa = PBXBuildFile; fileRef = 0BE3D0F9DB49A4E01C4A8163 /* include_juce_gui_basics.mm */; };
		F5A4121C6E6DC5B435835265 /* RecentFilesMenuTemplate.nib in Resources */ = {isa = PBXBuildFile; fileRef = D17DB2332A69786E1ABABB0E /* RecentFilesMenuTemplate.nib */; };
/* End PBXBuildFile section */

/* Begin PBXContainerItemProxy section */
		CED2F08827692F1200B3010A /* PBXContainerItemProxy */ = {
			isa = PBXContainerItemProxy;
			containerPortal = CA4DC736217D9A22F96CEA82 /* Project object */;
			proxyType = 1;
			remoteGlobalIDString = B8DBBA0595DF4CD4D6D74DAF;
			remoteInfo = "waterphonePlugin - Shared Code";
		};
		CED2F08927692F1200B3010A /* PBXContainerItemProxy */ = {
			isa = PBXContainerItemProxy;
			containerPortal = CA4DC736217D9A22F96CEA82 /* Project object */;
			proxyType = 1;
			remoteGlobalIDString = B8DBBA0595DF4CD4D6D74DAF;
			remoteInfo = "waterphonePlugin - Shared Code";
		};
		CED2F08A27692F1200B3010A /* PBXContainerItemProxy */ = {
			isa = PBXContainerItemProxy;
			containerPortal = CA4DC736217D9A22F96CEA82 /* Project object */;
			proxyType = 1;
			remoteGlobalIDString = B8DBBA0595DF4CD4D6D74DAF;
			remoteInfo = "waterphonePlugin - Shared Code";
		};
		CED2F08B27692F1200B3010A /* PBXContainerItemProxy */ = {
			isa = PBXContainerItemProxy;
			containerPortal = CA4DC736217D9A22F96CEA82 /* Project object */;
			proxyType = 1;
			remoteGlobalIDString = 53DAA01EE8C8265E6AE1A057;
			remoteInfo = "waterphonePlugin - VST3";
		};
		CED2F08C27692F1200B3010A /* PBXContainerItemProxy */ = {
			isa = PBXContainerItemProxy;
			containerPortal = CA4DC736217D9A22F96CEA82 /* Project object */;
			proxyType = 1;
			remoteGlobalIDString = 001F5FD0423F89A98435F4CE;
			remoteInfo = "waterphonePlugin - AU";
		};
		CED2F08D27692F1200B3010A /* PBXContainerItemProxy */ = {
			isa = PBXContainerItemProxy;
			containerPortal = CA4DC736217D9A22F96CEA82 /* Project object */;
			proxyType = 1;
			remoteGlobalIDString = CD2038EB47202E890CF316DC;
			remoteInfo = "waterphonePlugin - Standalone Plugin";
		};
		CED2F08E27692F1200B3010A /* PBXContainerItemProxy */ = {
			isa = PBXContainerItemProxy;
			containerPortal = CA4DC736217D9A22F96CEA82 /* Project object */;
			proxyType = 1;
			remoteGlobalIDString = B8DBBA0595DF4CD4D6D74DAF;
			remoteInfo = "waterphonePlugin - Shared Code";
		};
/* End PBXContainerItemProxy section */

/* Begin PBXFileReference section */
		0AD7AE3A50F13AB14369EE31 /* waterphonePlugin.vst3 */ = {isa = PBXFileReference; explicitFileType = wrapper.cfbundle; includeInIndex = 0; path = waterphonePlugin.vst3; sourceTree = BUILT_PRODUCTS_DIR; };
		0B2332F926D282A5727EDEB1 /* AudioUnit.framework */ = {isa = PBXFileReference; lastKnownFileType = wrapper.framework; name = AudioUnit.framework; path = System/Library/Frameworks/AudioUnit.framework; sourceTree = SDKROOT; };
		0BE3D0F9DB49A4E01C4A8163 /* include_juce_gui_basics.mm */ = {isa = PBXFileReference; lastKnownFileType = sourcecode.cpp.objcpp; name = include_juce_gui_basics.mm; path = ../../JuceLibraryCode/include_juce_gui_basics.mm; sourceTree = SOURCE_ROOT; };
		0CA43E51CAB27173C1542122 /* juce_data_structures */ = {isa = PBXFileReference; lastKnownFileType = folder; name = juce_data_structures; path = /Applications/JUCE/modules/juce_data_structures; sourceTree = "<absolute>"; };
		0E5EE866C4465861082011B4 /* juce_graphics */ = {isa = PBXFileReference; lastKnownFileType = folder; name = juce_graphics; path = /Applications/JUCE/modules/juce_graphics; sourceTree = "<absolute>"; };
		0FDF8E3273D06D4ED61A9A41 /* include_juce_audio_formats.mm */ = {isa = PBXFileReference; lastKnownFileType = sourcecode.cpp.objcpp; name = include_juce_audio_formats.mm; path = ../../JuceLibraryCode/include_juce_audio_formats.mm; sourceTree = SOURCE_ROOT; };
		0FE0B7D930E34F2DA56F77CF /* Carbon.framework */ = {isa = PBXFileReference; lastKnownFileType = wrapper.framework; name = Carbon.framework; path = System/Library/Frameworks/Carbon.framework; sourceTree = SDKROOT; };
		115D2ACF1A1001B510BFB7A4 /* PluginEditor.cpp */ = {isa = PBXFileReference; lastKnownFileType = sourcecode.cpp.cpp; name = PluginEditor.cpp; path = ../../Source/PluginEditor.cpp; sourceTree = SOURCE_ROOT; };
		1881E085A75C1F2CE57F95CF /* include_juce_core.mm */ = {isa = PBXFileReference; lastKnownFileType = sourcecode.cpp.objcpp; name = include_juce_core.mm; path = ../../JuceLibraryCode/include_juce_core.mm; sourceTree = SOURCE_ROOT; };
		1D3FA81FDCC37F701B2B1F8F /* CoreAudioKit.framework */ = {isa = PBXFileReference; lastKnownFileType = wrapper.framework; name = CoreAudioKit.framework; path = System/Library/Frameworks/CoreAudioKit.framework; sourceTree = SDKROOT; };
		1F9D1C20CAEBB82B7527982C /* libwaterphonePlugin.a */ = {isa = PBXFileReference; explicitFileType = archive.ar; includeInIndex = 0; path = libwaterphonePlugin.a; sourceTree = BUILT_PRODUCTS_DIR; };
		2622FA3EB02DC3FDDBECC315 /* PluginProcessor.h */ = {isa = PBXFileReference; lastKnownFileType = sourcecode.c.h; name = PluginProcessor.h; path = ../../Source/PluginProcessor.h; sourceTree = SOURCE_ROOT; };
		278BF6E8D61072FD092A437D /* Accelerate.framework */ = {isa = PBXFileReference; lastKnownFileType = wrapper.framework; name = Accelerate.framework; path = System/Library/Frameworks/Accelerate.framework; sourceTree = SDKROOT; };
		2AF0846777D2F75C3D05F222 /* juce_audio_devices */ = {isa = PBXFileReference; lastKnownFileType = folder; name = juce_audio_devices; path = /Applications/JUCE/modules/juce_audio_devices; sourceTree = "<absolute>"; };
		2F798B6120EED98EDDB9E6B2 /* include_juce_gui_extra.mm */ = {isa = PBXFileReference; lastKnownFileType = sourcecode.cpp.objcpp; name = include_juce_gui_extra.mm; path = ../../JuceLibraryCode/include_juce_gui_extra.mm; sourceTree = SOURCE_ROOT; };
		3057D2816BBD17363B6E00A7 /* Info-AU.plist */ = {isa = PBXFileReference; lastKnownFileType = text.plist.xml; path = "Info-AU.plist"; sourceTree = SOURCE_ROOT; };
		312BA3E9CE5066D5B0B4AAC4 /* juce_gui_basics */ = {isa = PBXFileReference; lastKnownFileType = folder; name = juce_gui_basics; path = /Applications/JUCE/modules/juce_gui_basics; sourceTree = "<absolute>"; };
		31CF66448700176132B50D27 /* include_juce_audio_devices.mm */ = {isa = PBXFileReference; lastKnownFileType = sourcecode.cpp.objcpp; name = include_juce_audio_devices.mm; path = ../../JuceLibraryCode/include_juce_audio_devices.mm; sourceTree = SOURCE_ROOT; };
		42DE2FDA185E744D819EAB5E /* juce_audio_utils */ = {isa = PBXFileReference; lastKnownFileType = folder; name = juce_audio_utils; path = /Applications/JUCE/modules/juce_audio_utils; sourceTree = "<absolute>"; };
		45C73F2097CAE8DD8558BD82 /* Cocoa.framework */ = {isa = PBXFileReference; lastKnownFileType = wrapper.framework; name = Cocoa.framework; path = System/Library/Frameworks/Cocoa.framework; sourceTree = SDKROOT; };
		4A9C4A6C7664EEF8BF5718B5 /* waterphonePlugin.component */ = {isa = PBXFileReference; explicitFileType = wrapper.cfbundle; includeInIndex = 0; path = waterphonePlugin.component; sourceTree = BUILT_PRODUCTS_DIR; };
		4C5C3CD4E3AE60F45E824E50 /* Foundation.framework */ = {isa = PBXFileReference; lastKnownFileType = wrapper.framework; name = Foundation.framework; path = System/Library/Frameworks/Foundation.framework; sourceTree = SDKROOT; };
		50B1114F69A29ADC48CD4832 /* include_juce_audio_plugin_client_AU.r */ = {isa = PBXFileReference; lastKnownFileType = file.r; name = include_juce_audio_plugin_client_AU.r; path = ../../JuceLibraryCode/include_juce_audio_plugin_client_AU.r; sourceTree = SOURCE_ROOT; };
		624A32E1C0BC0F3E1B3A3E98 /* include_juce_audio_plugin_client_VST3.cpp */ = {isa = PBXFileReference; lastKnownFileType = sourcecode.cpp.cpp; name = include_juce_audio_plugin_client_VST3.cpp; path = ../../JuceLibraryCode/include_juce_audio_plugin_client_VST3.cpp; sourceTree = SOURCE_ROOT; };
		6E89B113BDD4B738F34D59C1 /* include_juce_graphics.mm */ = {isa = PBXFileReference; lastKnownFileType = sourcecode.cpp.objcpp; name = include_juce_graphics.mm; path = ../../JuceLibraryCode/include_juce_graphics.mm; sourceTree = SOURCE_ROOT; };
		725AC61BEE6A429D71E29675 /* juce_core */ = {isa = PBXFileReference; lastKnownFileType = folder; name = juce_core; path = /Applications/JUCE/modules/juce_core; sourceTree = "<absolute>"; };
		79F5DDC586582D794D1ECA89 /* JucePluginDefines.h */ = {isa = PBXFileReference; lastKnownFileType = sourcecode.c.h; name = JucePluginDefines.h; path = ../../JuceLibraryCode/JucePluginDefines.h; sourceTree = SOURCE_ROOT; };
		7B127249A14BFC4C4D421099 /* include_juce_audio_utils.mm */ = {isa = PBXFileReference; lastKnownFileType = sourcecode.cpp.objcpp; name = include_juce_audio_utils.mm; path = ../../JuceLibraryCode/include_juce_audio_utils.mm; sourceTree = SOURCE_ROOT; };
		7C8A412FA570229FB70623B1 /* include_juce_audio_plugin_client_AU_1.mm */ = {isa = PBXFileReference; lastKnownFileType = sourcecode.cpp.objcpp; name = include_juce_audio_plugin_client_AU_1.mm; path = ../../JuceLibraryCode/include_juce_audio_plugin_client_AU_1.mm; sourceTree = SOURCE_ROOT; };
		836ADAD1D5F2FD7B5EA5AB7F /* include_juce_audio_plugin_client_VST_utils.mm */ = {isa = PBXFileReference; lastKnownFileType = sourcecode.cpp.objcpp; name = include_juce_audio_plugin_client_VST_utils.mm; path = ../../JuceLibraryCode/include_juce_audio_plugin_client_VST_utils.mm; sourceTree = SOURCE_ROOT; };
		8544CB629FB28CED717031E8 /* include_juce_audio_plugin_client_Standalone.cpp */ = {isa = PBXFileReference; lastKnownFileType = sourcecode.cpp.cpp; name = include_juce_audio_plugin_client_Standalone.cpp; path = ../../JuceLibraryCode/include_juce_audio_plugin_client_Standalone.cpp; sourceTree = SOURCE_ROOT; };
		8E156ACE431F1E0F08574617 /* waterphonePlugin.app */ = {isa = PBXFileReference; explicitFileType = wrapper.application; includeInIndex = 0; path = waterphonePlugin.app; sourceTree = BUILT_PRODUCTS_DIR; };
		91150F8063EA016D67F187CD /* Info-VST3.plist */ = {isa = PBXFileReference; lastKnownFileType = text.plist.xml; path = "Info-VST3.plist"; sourceTree = SOURCE_ROOT; };
		9133E2CEF66AF6915EACE25B /* DiscRecording.framework */ = {isa = PBXFileReference; lastKnownFileType = wrapper.framework; name = DiscRecording.framework; path = System/Library/Frameworks/DiscRecording.framework; sourceTree = SDKROOT; };
		91489BAE73B5967163C4024E /* QuartzCore.framework */ = {isa = PBXFileReference; lastKnownFileType = wrapper.framework; name = QuartzCore.framework; path = System/Library/Frameworks/QuartzCore.framework; sourceTree = SDKROOT; };
		A483CCD49C62701C132EFE17 /* include_juce_events.mm */ = {isa = PBXFileReference; lastKnownFileType = sourcecode.cpp.objcpp; name = include_juce_events.mm; path = ../../JuceLibraryCode/include_juce_events.mm; sourceTree = SOURCE_ROOT; };
		A94233E372F2A61124C2C87F /* include_juce_audio_plugin_client_AU_2.mm */ = {isa = PBXFileReference; lastKnownFileType = sourcecode.cpp.objcpp; name = include_juce_audio_plugin_client_AU_2.mm; path = ../../JuceLibraryCode/include_juce_audio_plugin_client_AU_2.mm; sourceTree = SOURCE_ROOT; };
		B2974373871ACCEFFD955588 /* juce_audio_processors */ = {isa = PBXFileReference; lastKnownFileType = folder; name = juce_audio_processors; path = /Applications/JUCE/modules/juce_audio_processors; sourceTree = "<absolute>"; };
		B2E0915D9AB7BD101A98B6AE /* PluginProcessor.cpp */ = {isa = PBXFileReference; lastKnownFileType = sourcecode.cpp.cpp; name = PluginProcessor.cpp; path = ../../Source/PluginProcessor.cpp; sourceTree = SOURCE_ROOT; };
		B49B64B2784D1255DE751025 /* PluginEditor.h */ = {isa = PBXFileReference; lastKnownFileType = sourcecode.c.h; name = PluginEditor.h; path = ../../Source/PluginEditor.h; sourceTree = SOURCE_ROOT; };
		B94A4DF215A01249CCE06BF5 /* juce_audio_plugin_client */ = {isa = PBXFileReference; lastKnownFileType = folder; name = juce_audio_plugin_client; path = /Applications/JUCE/modules/juce_audio_plugin_client; sourceTree = "<absolute>"; };
		BB4762203116D050FA14D3FA /* juce_events */ = {isa = PBXFileReference; lastKnownFileType = folder; name = juce_events; path = /Applications/JUCE/modules/juce_events; sourceTree = "<absolute>"; };
		BC9CF56EE9B9D110854A8084 /* AudioToolbox.framework */ = {isa = PBXFileReference; lastKnownFileType = wrapper.framework; name = AudioToolbox.framework; path = System/Library/Frameworks/AudioToolbox.framework; sourceTree = SDKROOT; };
		C45D64F1631C2F11D3AD1019 /* CoreMIDI.framework */ = {isa = PBXFileReference; lastKnownFileType = wrapper.framework; name = CoreMIDI.framework; path = System/Library/Frameworks/CoreMIDI.framework; sourceTree = SDKROOT; };
		CFC89119B04D59B7288C14B7 /* include_juce_data_structures.mm */ = {isa = PBXFileReference; lastKnownFileType = sourcecode.cpp.objcpp; name = include_juce_data_structures.mm; path = ../../JuceLibraryCode/include_juce_data_structures.mm; sourceTree = SOURCE_ROOT; };
		D17DB2332A69786E1ABABB0E /* RecentFilesMenuTemplate.nib */ = {isa = PBXFileReference; lastKnownFileType = file.nib; path = RecentFilesMenuTemplate.nib; sourceTree = SOURCE_ROOT; };
		D60004A2C1F53DAD1E82E192 /* juce_audio_basics */ = {isa = PBXFileReference; lastKnownFileType = folder; name = juce_audio_basics; path = /Applications/JUCE/modules/juce_audio_basics; sourceTree = "<absolute>"; };
		D6438961D2557D04ACDB985D /* include_juce_audio_processors.mm */ = {isa = PBXFileReference; lastKnownFileType = sourcecode.cpp.objcpp; name = include_juce_audio_processors.mm; path = ../../JuceLibraryCode/include_juce_audio_processors.mm; sourceTree = SOURCE_ROOT; };
		D744772476AD6AFE5C44CAB1 /* juce_audio_formats */ = {isa = PBXFileReference; lastKnownFileType = folder; name = juce_audio_formats; path = /Applications/JUCE/modules/juce_audio_formats; sourceTree = "<absolute>"; };
		DDC4AA793CEBCFAA33CEAE9A /* IOKit.framework */ = {isa = PBXFileReference; lastKnownFileType = wrapper.framework; name = IOKit.framework; path = System/Library/Frameworks/IOKit.framework; sourceTree = SDKROOT; };
		E34B34073B03731CDB7BA678 /* WebKit.framework */ = {isa = PBXFileReference; lastKnownFileType = wrapper.framework; name = WebKit.framework; path = System/Library/Frameworks/WebKit.framework; sourceTree = SDKROOT; };
		E7E34DAFEB4A6FFC6CFDDE75 /* include_juce_audio_basics.mm */ = {isa = PBXFileReference; lastKnownFileType = sourcecode.cpp.objcpp; name = include_juce_audio_basics.mm; path = ../../JuceLibraryCode/include_juce_audio_basics.mm; sourceTree = SOURCE_ROOT; };
		EDC503F709495E7E2DD7708E /* JuceHeader.h */ = {isa = PBXFileReference; lastKnownFileType = sourcecode.c.h; name = JuceHeader.h; path = ../../JuceLibraryCode/JuceHeader.h; sourceTree = SOURCE_ROOT; };
		F6B619554EA59F73903BDF49 /* CoreAudio.framework */ = {isa = PBXFileReference; lastKnownFileType = wrapper.framework; name = CoreAudio.framework; path = System/Library/Frameworks/CoreAudio.framework; sourceTree = SDKROOT; };
		F71B054926B7E4EB62B46976 /* include_juce_audio_plugin_client_utils.cpp */ = {isa = PBXFileReference; lastKnownFileType = sourcecode.cpp.cpp; name = include_juce_audio_plugin_client_utils.cpp; path = ../../JuceLibraryCode/include_juce_audio_plugin_client_utils.cpp; sourceTree = SOURCE_ROOT; };
		FCD8227177FEB16BDDCA5EED /* juce_gui_extra */ = {isa = PBXFileReference; lastKnownFileType = folder; name = juce_gui_extra; path = /Applications/JUCE/modules/juce_gui_extra; sourceTree = "<absolute>"; };
		FE3650BA5F2FCB3A8A2E1DEC /* Info-Standalone_Plugin.plist */ = {isa = PBXFileReference; lastKnownFileType = text.plist.xml; path = "Info-Standalone_Plugin.plist"; sourceTree = SOURCE_ROOT; };
/* End PBXFileReference section */

/* Begin PBXFrameworksBuildPhase section */
		3DE123220B3BA2A12D595DF0 /* Frameworks */ = {
			isa = PBXFrameworksBuildPhase;
			buildActionMask = 2147483647;
			files = (
				E0D579DAAE92F82BEE4000D3 /* AudioUnit.framework in Frameworks */,
				CED2F06F27692F0F00B3010A /* Accelerate.framework in Frameworks */,
				CED2F07027692F0F00B3010A /* AudioToolbox.framework in Frameworks */,
				CED2F07127692F0F00B3010A /* Carbon.framework in Frameworks */,
				CED2F07227692F0F00B3010A /* Cocoa.framework in Frameworks */,
				CED2F07327692F0F00B3010A /* CoreAudio.framework in Frameworks */,
				CED2F07427692F0F00B3010A /* CoreAudioKit.framework in Frameworks */,
				CED2F07527692F0F00B3010A /* CoreMIDI.framework in Frameworks */,
				CED2F07627692F0F00B3010A /* DiscRecording.framework in Frameworks */,
				CED2F07727692F0F00B3010A /* Foundation.framework in Frameworks */,
				CED2F07827692F0F00B3010A /* IOKit.framework in Frameworks */,
				CED2F07927692F0F00B3010A /* QuartzCore.framework in Frameworks */,
				CED2F07A27692F0F00B3010A /* WebKit.framework in Frameworks */,
			);
			runOnlyForDeploymentPostprocessing = 0;
		};
		80A0B1D7470C7E31F913C8D6 /* Frameworks */ = {
			isa = PBXFrameworksBuildPhase;
			buildActionMask = 2147483647;
			files = (
				CED2F07C27692F0F00B3010A /* Accelerate.framework in Frameworks */,
				CED2F07D27692F0F00B3010A /* AudioToolbox.framework in Frameworks */,
				CED2F07E27692F0F00B3010A /* Carbon.framework in Frameworks */,
				CED2F07F27692F0F00B3010A /* Cocoa.framework in Frameworks */,
				CED2F08027692F0F00B3010A /* CoreAudio.framework in Frameworks */,
				CED2F08127692F0F00B3010A /* CoreAudioKit.framework in Frameworks */,
				CED2F08227692F0F00B3010A /* CoreMIDI.framework in Frameworks */,
				CED2F08327692F0F00B3010A /* DiscRecording.framework in Frameworks */,
				CED2F08427692F0F00B3010A /* Foundation.framework in Frameworks */,
				CED2F08527692F0F00B3010A /* IOKit.framework in Frameworks */,
				CED2F08627692F0F00B3010A /* QuartzCore.framework in Frameworks */,
				CED2F08727692F0F00B3010A /* WebKit.framework in Frameworks */,
			);
			runOnlyForDeploymentPostprocessing = 0;
		};
		8F3BF2303B7DAA3DAD5CD19D /* Frameworks */ = {
			isa = PBXFrameworksBuildPhase;
			buildActionMask = 2147483647;
			files = (
				5F998D1CEC1258E343ADA9CE /* Accelerate.framework in Frameworks */,
				6EAE7731FCAF32697E891FE3 /* AudioToolbox.framework in Frameworks */,
				DC94A3740E99499129834583 /* Carbon.framework in Frameworks */,
				AB67A2B35869631EAE982DD5 /* Cocoa.framework in Frameworks */,
				E3C91B42CF95CFFD66B6774C /* CoreAudio.framework in Frameworks */,
				76801C84D6A3E99770DFB5E0 /* CoreAudioKit.framework in Frameworks */,
				70C1642BDBBA728040BE9DAA /* CoreMIDI.framework in Frameworks */,
				B2F07A66F6384F5590CC413A /* DiscRecording.framework in Frameworks */,
				88EE6DD2CCF712CE58450077 /* Foundation.framework in Frameworks */,
				782438F8F070596338AD975E /* IOKit.framework in Frameworks */,
				7F3F87BEF1FF3B3457FB6CA8 /* QuartzCore.framework in Frameworks */,
				CF491A36D377C2ABC3843B97 /* WebKit.framework in Frameworks */,
			);
			runOnlyForDeploymentPostprocessing = 0;
		};
/* End PBXFrameworksBuildPhase section */

/* Begin PBXGroup section */
		220F375C4F4998CBF7143D03 /* JUCE Modules */ = {
			isa = PBXGroup;
			children = (
				D60004A2C1F53DAD1E82E192 /* juce_audio_basics */,
				2AF0846777D2F75C3D05F222 /* juce_audio_devices */,
				D744772476AD6AFE5C44CAB1 /* juce_audio_formats */,
				B94A4DF215A01249CCE06BF5 /* juce_audio_plugin_client */,
				B2974373871ACCEFFD955588 /* juce_audio_processors */,
				42DE2FDA185E744D819EAB5E /* juce_audio_utils */,
				725AC61BEE6A429D71E29675 /* juce_core */,
				0CA43E51CAB27173C1542122 /* juce_data_structures */,
				BB4762203116D050FA14D3FA /* juce_events */,
				0E5EE866C4465861082011B4 /* juce_graphics */,
				312BA3E9CE5066D5B0B4AAC4 /* juce_gui_basics */,
				FCD8227177FEB16BDDCA5EED /* juce_gui_extra */,
			);
			name = "JUCE Modules";
			sourceTree = "<group>";
		};
		3850471BC10612DBEEA43DAF /* JUCE Library Code */ = {
			isa = PBXGroup;
			children = (
				E7E34DAFEB4A6FFC6CFDDE75 /* include_juce_audio_basics.mm */,
				31CF66448700176132B50D27 /* include_juce_audio_devices.mm */,
				0FDF8E3273D06D4ED61A9A41 /* include_juce_audio_formats.mm */,
				50B1114F69A29ADC48CD4832 /* include_juce_audio_plugin_client_AU.r */,
				7C8A412FA570229FB70623B1 /* include_juce_audio_plugin_client_AU_1.mm */,
				A94233E372F2A61124C2C87F /* include_juce_audio_plugin_client_AU_2.mm */,
				8544CB629FB28CED717031E8 /* include_juce_audio_plugin_client_Standalone.cpp */,
				F71B054926B7E4EB62B46976 /* include_juce_audio_plugin_client_utils.cpp */,
				836ADAD1D5F2FD7B5EA5AB7F /* include_juce_audio_plugin_client_VST_utils.mm */,
				624A32E1C0BC0F3E1B3A3E98 /* include_juce_audio_plugin_client_VST3.cpp */,
				D6438961D2557D04ACDB985D /* include_juce_audio_processors.mm */,
				7B127249A14BFC4C4D421099 /* include_juce_audio_utils.mm */,
				1881E085A75C1F2CE57F95CF /* include_juce_core.mm */,
				CFC89119B04D59B7288C14B7 /* include_juce_data_structures.mm */,
				A483CCD49C62701C132EFE17 /* include_juce_events.mm */,
				6E89B113BDD4B738F34D59C1 /* include_juce_graphics.mm */,
				0BE3D0F9DB49A4E01C4A8163 /* include_juce_gui_basics.mm */,
				2F798B6120EED98EDDB9E6B2 /* include_juce_gui_extra.mm */,
				EDC503F709495E7E2DD7708E /* JuceHeader.h */,
				79F5DDC586582D794D1ECA89 /* JucePluginDefines.h */,
			);
			name = "JUCE Library Code";
			sourceTree = "<group>";
		};
		455ECC79E9BEF868ADD2ABB9 /* Products */ = {
			isa = PBXGroup;
			children = (
				0AD7AE3A50F13AB14369EE31 /* waterphonePlugin.vst3 */,
				4A9C4A6C7664EEF8BF5718B5 /* waterphonePlugin.component */,
				8E156ACE431F1E0F08574617 /* waterphonePlugin.app */,
				1F9D1C20CAEBB82B7527982C /* libwaterphonePlugin.a */,
			);
			name = Products;
			sourceTree = "<group>";
		};
		536B428DE09B8FD216F271F1 /* Resources */ = {
			isa = PBXGroup;
			children = (
				91150F8063EA016D67F187CD /* Info-VST3.plist */,
				3057D2816BBD17363B6E00A7 /* Info-AU.plist */,
				FE3650BA5F2FCB3A8A2E1DEC /* Info-Standalone_Plugin.plist */,
				D17DB2332A69786E1ABABB0E /* RecentFilesMenuTemplate.nib */,
			);
			name = Resources;
			sourceTree = "<group>";
		};
		5412715DEDCAC914D1C42989 /* Frameworks */ = {
			isa = PBXGroup;
			children = (
				0B2332F926D282A5727EDEB1 /* AudioUnit.framework */,
				278BF6E8D61072FD092A437D /* Accelerate.framework */,
				BC9CF56EE9B9D110854A8084 /* AudioToolbox.framework */,
				0FE0B7D930E34F2DA56F77CF /* Carbon.framework */,
				45C73F2097CAE8DD8558BD82 /* Cocoa.framework */,
				F6B619554EA59F73903BDF49 /* CoreAudio.framework */,
				1D3FA81FDCC37F701B2B1F8F /* CoreAudioKit.framework */,
				C45D64F1631C2F11D3AD1019 /* CoreMIDI.framework */,
				9133E2CEF66AF6915EACE25B /* DiscRecording.framework */,
				4C5C3CD4E3AE60F45E824E50 /* Foundation.framework */,
				DDC4AA793CEBCFAA33CEAE9A /* IOKit.framework */,
				91489BAE73B5967163C4024E /* QuartzCore.framework */,
				E34B34073B03731CDB7BA678 /* WebKit.framework */,
			);
			name = Frameworks;
			sourceTree = "<group>";
		};
		9FD43BD6CACDFA9F8E7642AA /* waterphonePlugin */ = {
			isa = PBXGroup;
			children = (
				CCA3F191564D468D39BF0594 /* Source */,
			);
			name = waterphonePlugin;
			sourceTree = "<group>";
		};
		CCA3F191564D468D39BF0594 /* Source */ = {
			isa = PBXGroup;
			children = (
				B2E0915D9AB7BD101A98B6AE /* PluginProcessor.cpp */,
				2622FA3EB02DC3FDDBECC315 /* PluginProcessor.h */,
				115D2ACF1A1001B510BFB7A4 /* PluginEditor.cpp */,
				B49B64B2784D1255DE751025 /* PluginEditor.h */,
			);
			name = Source;
			sourceTree = "<group>";
		};
		E7EF36506D63CEEE5EEFB4F9 /* Source */ = {
			isa = PBXGroup;
			children = (
				9FD43BD6CACDFA9F8E7642AA /* waterphonePlugin */,
				220F375C4F4998CBF7143D03 /* JUCE Modules */,
				3850471BC10612DBEEA43DAF /* JUCE Library Code */,
				536B428DE09B8FD216F271F1 /* Resources */,
				5412715DEDCAC914D1C42989 /* Frameworks */,
				455ECC79E9BEF868ADD2ABB9 /* Products */,
			);
			name = Source;
			sourceTree = "<group>";
		};
/* End PBXGroup section */

/* Begin PBXNativeTarget section */
		001F5FD0423F89A98435F4CE /* waterphonePlugin - AU */ = {
			isa = PBXNativeTarget;
			buildConfigurationList = C20960BD72761737839B8280 /* Build configuration list for PBXNativeTarget "waterphonePlugin - AU" */;
			buildPhases = (
				1951384A34D5CA3A872F2842 /* Resources */,
				ABF9519398940DE2DADB8B6B /* Rez */,
				812F435E644442D892764368 /* Sources */,
				3DE123220B3BA2A12D595DF0 /* Frameworks */,
			);
			buildRules = (
			);
			dependencies = (
				0D57F9F867E277FEB4BD10A4 /* PBXTargetDependency */,
			);
			name = "waterphonePlugin - AU";
			productName = waterphonePlugin;
			productReference = 4A9C4A6C7664EEF8BF5718B5 /* waterphonePlugin.component */;
			productType = "com.apple.product-type.bundle";
		};
		53DAA01EE8C8265E6AE1A057 /* waterphonePlugin - VST3 */ = {
			isa = PBXNativeTarget;
			buildConfigurationList = ECB9730D790A343572FAA9D8 /* Build configuration list for PBXNativeTarget "waterphonePlugin - VST3" */;
			buildPhases = (
				5590A2D2D3AFC325BDC804C2 /* Resources */,
				9D7EBD827B19A8BAC597C03F /* Sources */,
				8F3BF2303B7DAA3DAD5CD19D /* Frameworks */,
			);
			buildRules = (
			);
			dependencies = (
				49DBF32A2531029DA1CA2ACF /* PBXTargetDependency */,
			);
			name = "waterphonePlugin - VST3";
			productName = waterphonePlugin;
			productReference = 0AD7AE3A50F13AB14369EE31 /* waterphonePlugin.vst3 */;
			productType = "com.apple.product-type.bundle";
		};
		B8DBBA0595DF4CD4D6D74DAF /* waterphonePlugin - Shared Code */ = {
			isa = PBXNativeTarget;
			buildConfigurationList = 6F5CB34645C4BD4CFD43AECE /* Build configuration list for PBXNativeTarget "waterphonePlugin - Shared Code" */;
			buildPhases = (
				26DD3CE7594D3B20ECB3CD87 /* Sources */,
			);
			buildRules = (
			);
			dependencies = (
			);
			name = "waterphonePlugin - Shared Code";
			productName = waterphonePlugin;
			productReference = 1F9D1C20CAEBB82B7527982C /* libwaterphonePlugin.a */;
			productType = "com.apple.product-type.library.static";
		};
		CD2038EB47202E890CF316DC /* waterphonePlugin - Standalone Plugin */ = {
			isa = PBXNativeTarget;
			buildConfigurationList = 9D5194BAAFAA39120BBA7BE8 /* Build configuration list for PBXNativeTarget "waterphonePlugin - Standalone Plugin" */;
			buildPhases = (
				A362852049DC831267D1B08B /* Resources */,
				6A54BAE1172196C870F23373 /* Sources */,
				80A0B1D7470C7E31F913C8D6 /* Frameworks */,
			);
			buildRules = (
			);
			dependencies = (
				B9D6C1B4AD55C369DDD5E6B5 /* PBXTargetDependency */,
			);
			name = "waterphonePlugin - Standalone Plugin";
			productName = waterphonePlugin;
			productReference = 8E156ACE431F1E0F08574617 /* waterphonePlugin.app */;
			productType = "com.apple.product-type.application";
		};
/* End PBXNativeTarget section */

/* Begin PBXProject section */
		CA4DC736217D9A22F96CEA82 /* Project object */ = {
			isa = PBXProject;
			attributes = {
				LastUpgradeCheck = 1310;
				ORGANIZATIONNAME = "";
				TargetAttributes = {
					001F5FD0423F89A98435F4CE = {
						SystemCapabilities = {
							com.apple.ApplicationGroups.iOS = {
								enabled = 0;
							};
							com.apple.HardenedRuntime = {
								enabled = 0;
							};
							com.apple.InAppPurchase = {
								enabled = 0;
							};
							com.apple.InterAppAudio = {
								enabled = 0;
							};
							com.apple.Push = {
								enabled = 0;
							};
							com.apple.Sandbox = {
								enabled = 0;
							};
						};
					};
					53DAA01EE8C8265E6AE1A057 = {
						SystemCapabilities = {
							com.apple.ApplicationGroups.iOS = {
								enabled = 0;
							};
							com.apple.HardenedRuntime = {
								enabled = 0;
							};
							com.apple.InAppPurchase = {
								enabled = 0;
							};
							com.apple.InterAppAudio = {
								enabled = 0;
							};
							com.apple.Push = {
								enabled = 0;
							};
							com.apple.Sandbox = {
								enabled = 0;
							};
						};
					};
					571551085A7EE71AB51539F3 = {
						SystemCapabilities = {
							com.apple.ApplicationGroups.iOS = {
								enabled = 0;
							};
							com.apple.HardenedRuntime = {
								enabled = 0;
							};
							com.apple.InAppPurchase = {
								enabled = 0;
							};
							com.apple.InterAppAudio = {
								enabled = 0;
							};
							com.apple.Push = {
								enabled = 0;
							};
							com.apple.Sandbox = {
								enabled = 0;
							};
						};
					};
					B8DBBA0595DF4CD4D6D74DAF = {
						SystemCapabilities = {
							com.apple.ApplicationGroups.iOS = {
								enabled = 0;
							};
							com.apple.HardenedRuntime = {
								enabled = 0;
							};
							com.apple.InAppPurchase = {
								enabled = 0;
							};
							com.apple.InterAppAudio = {
								enabled = 0;
							};
							com.apple.Push = {
								enabled = 0;
							};
							com.apple.Sandbox = {
								enabled = 0;
							};
						};
					};
					CD2038EB47202E890CF316DC = {
						SystemCapabilities = {
							com.apple.ApplicationGroups.iOS = {
								enabled = 0;
							};
							com.apple.HardenedRuntime = {
								enabled = 0;
							};
							com.apple.InAppPurchase = {
								enabled = 0;
							};
							com.apple.InterAppAudio = {
								enabled = 0;
							};
							com.apple.Push = {
								enabled = 0;
							};
							com.apple.Sandbox = {
								enabled = 0;
							};
						};
					};
				};
			};
			buildConfigurationList = A2D7465F00B3B3768C60F84C /* Build configuration list for PBXProject "waterphonePlugin" */;
			compatibilityVersion = "Xcode 3.2";
			developmentRegion = en;
			hasScannedForEncodings = 0;
			knownRegions = (
				en,
				Base,
			);
			mainGroup = E7EF36506D63CEEE5EEFB4F9 /* Source */;
			projectDirPath = "";
			projectRoot = "";
			targets = (
				571551085A7EE71AB51539F3 /* waterphonePlugin - All */,
				53DAA01EE8C8265E6AE1A057 /* waterphonePlugin - VST3 */,
				001F5FD0423F89A98435F4CE /* waterphonePlugin - AU */,
				CD2038EB47202E890CF316DC /* waterphonePlugin - Standalone Plugin */,
				B8DBBA0595DF4CD4D6D74DAF /* waterphonePlugin - Shared Code */,
			);
		};
/* End PBXProject section */

/* Begin PBXResourcesBuildPhase section */
		1951384A34D5CA3A872F2842 /* Resources */ = {
			isa = PBXResourcesBuildPhase;
			buildActionMask = 2147483647;
			files = (
				CED2F06E27692F0F00B3010A /* RecentFilesMenuTemplate.nib in Resources */,
			);
			runOnlyForDeploymentPostprocessing = 0;
		};
		5590A2D2D3AFC325BDC804C2 /* Resources */ = {
			isa = PBXResourcesBuildPhase;
			buildActionMask = 2147483647;
			files = (
				F5A4121C6E6DC5B435835265 /* RecentFilesMenuTemplate.nib in Resources */,
			);
			runOnlyForDeploymentPostprocessing = 0;
		};
		A362852049DC831267D1B08B /* Resources */ = {
			isa = PBXResourcesBuildPhase;
			buildActionMask = 2147483647;
			files = (
				CED2F07B27692F0F00B3010A /* RecentFilesMenuTemplate.nib in Resources */,
			);
			runOnlyForDeploymentPostprocessing = 0;
		};
/* End PBXResourcesBuildPhase section */

/* Begin PBXRezBuildPhase section */
		ABF9519398940DE2DADB8B6B /* Rez */ = {
			isa = PBXRezBuildPhase;
			buildActionMask = 2147483647;
			files = (
				16C37535CE1D7B9FE49DC319 /* include_juce_audio_plugin_client_AU.r in Rez */,
			);
			runOnlyForDeploymentPostprocessing = 0;
		};
/* End PBXRezBuildPhase section */

/* Begin PBXSourcesBuildPhase section */
		26DD3CE7594D3B20ECB3CD87 /* Sources */ = {
			isa = PBXSourcesBuildPhase;
			buildActionMask = 2147483647;
			files = (
				0E5E92AD56FFDAA8D60FAC98 /* PluginProcessor.cpp in Sources */,
				A01FCEAFC396E9B834D6B95D /* PluginEditor.cpp in Sources */,
				BC34C537AE8EC43088EA8EDC /* include_juce_audio_basics.mm in Sources */,
				AFC2CC70F50E892E2D17A5B7 /* include_juce_audio_devices.mm in Sources */,
				BA2CEF3B16B5FD18ECDAF9A5 /* include_juce_audio_formats.mm in Sources */,
				9E0B07B3276F7170B22B0939 /* include_juce_audio_plugin_client_utils.cpp in Sources */,
				38E4C943318EEA6567F24566 /* include_juce_audio_plugin_client_VST_utils.mm in Sources */,
				3C89322148617C7C82D8DD89 /* include_juce_audio_processors.mm in Sources */,
				80C70906FE739C7131DE8BCD /* include_juce_audio_utils.mm in Sources */,
				067BF8D9156A7A1BA2962240 /* include_juce_core.mm in Sources */,
				CA7BD3821D086499DB40AE39 /* include_juce_data_structures.mm in Sources */,
				00FF45B78A98828748E4B730 /* include_juce_events.mm in Sources */,
				2762E4D9CC132C9A7B6EA85D /* include_juce_graphics.mm in Sources */,
				E408452133F1DCFF05CEBC01 /* include_juce_gui_basics.mm in Sources */,
				03C41A4D3760294F0DA163F1 /* include_juce_gui_extra.mm in Sources */,
			);
			runOnlyForDeploymentPostprocessing = 0;
		};
		6A54BAE1172196C870F23373 /* Sources */ = {
			isa = PBXSourcesBuildPhase;
			buildActionMask = 2147483647;
			files = (
				853767D9213981428A519837 /* include_juce_audio_plugin_client_Standalone.cpp in Sources */,
			);
			runOnlyForDeploymentPostprocessing = 0;
		};
		812F435E644442D892764368 /* Sources */ = {
			isa = PBXSourcesBuildPhase;
			buildActionMask = 2147483647;
			files = (
				6A923A835525E96C1174BED3 /* include_juce_audio_plugin_client_AU_1.mm in Sources */,
				18FCF6F574C7206446A55BD8 /* include_juce_audio_plugin_client_AU_2.mm in Sources */,
			);
			runOnlyForDeploymentPostprocessing = 0;
		};
		9D7EBD827B19A8BAC597C03F /* Sources */ = {
			isa = PBXSourcesBuildPhase;
			buildActionMask = 2147483647;
			files = (
				63279904CB1015C5AB1A72DA /* include_juce_audio_plugin_client_VST3.cpp in Sources */,
			);
			runOnlyForDeploymentPostprocessing = 0;
		};
/* End PBXSourcesBuildPhase section */

/* Begin PBXTargetDependency section */
		0D57F9F867E277FEB4BD10A4 /* PBXTargetDependency */ = {
			isa = PBXTargetDependency;
			target = B8DBBA0595DF4CD4D6D74DAF /* waterphonePlugin - Shared Code */;
			targetProxy = CED2F08827692F1200B3010A /* PBXContainerItemProxy */;
		};
		28547089A2942DE27EBEB932 /* PBXTargetDependency */ = {
			isa = PBXTargetDependency;
			target = 53DAA01EE8C8265E6AE1A057 /* waterphonePlugin - VST3 */;
			targetProxy = CED2F08B27692F1200B3010A /* PBXContainerItemProxy */;
		};
		49DBF32A2531029DA1CA2ACF /* PBXTargetDependency */ = {
			isa = PBXTargetDependency;
			target = B8DBBA0595DF4CD4D6D74DAF /* waterphonePlugin - Shared Code */;
			targetProxy = CED2F08A27692F1200B3010A /* PBXContainerItemProxy */;
		};
		5340E87FB287DA2C5CA424EF /* PBXTargetDependency */ = {
			isa = PBXTargetDependency;
			target = CD2038EB47202E890CF316DC /* waterphonePlugin - Standalone Plugin */;
			targetProxy = CED2F08D27692F1200B3010A /* PBXContainerItemProxy */;
		};
		AD40F9FEE4B5B30E43F97E81 /* PBXTargetDependency */ = {
			isa = PBXTargetDependency;
			target = 001F5FD0423F89A98435F4CE /* waterphonePlugin - AU */;
			targetProxy = CED2F08C27692F1200B3010A /* PBXContainerItemProxy */;
		};
		B9D6C1B4AD55C369DDD5E6B5 /* PBXTargetDependency */ = {
			isa = PBXTargetDependency;
			target = B8DBBA0595DF4CD4D6D74DAF /* waterphonePlugin - Shared Code */;
			targetProxy = CED2F08927692F1200B3010A /* PBXContainerItemProxy */;
		};
		C6731145A35D546D89C264B5 /* PBXTargetDependency */ = {
			isa = PBXTargetDependency;
			target = B8DBBA0595DF4CD4D6D74DAF /* waterphonePlugin - Shared Code */;
			targetProxy = CED2F08E27692F1200B3010A /* PBXContainerItemProxy */;
		};
/* End PBXTargetDependency section */

/* Begin XCBuildConfiguration section */
		0672BA45714A7F51C0787F0E /* Release */ = {
			isa = XCBuildConfiguration;
			buildSettings = {
				MACOSX_DEPLOYMENT_TARGET = 10.11;
				SDKROOT = macosx;
			};
			name = Release;
		};
		19F004ADDE31C1B80FB810A0 /* Debug */ = {
			isa = XCBuildConfiguration;
			buildSettings = {
				CLANG_CXX_LANGUAGE_STANDARD = "c++14";
				CLANG_CXX_LIBRARY = "libc++";
				CLANG_LINK_OBJC_RUNTIME = NO;
				CODE_SIGN_IDENTITY = "";
				COMBINE_HIDPI_IMAGES = YES;
				CONFIGURATION_BUILD_DIR = "$(PROJECT_DIR)/build/$(CONFIGURATION)";
				COPY_PHASE_STRIP = NO;
				DEPLOYMENT_LOCATION = YES;
				DSTROOT = /;
				GCC_DYNAMIC_NO_PIC = NO;
				GCC_OPTIMIZATION_LEVEL = 0;
				GCC_PREPROCESSOR_DEFINITIONS = (
					"_DEBUG=1",
					"DEBUG=1",
					"JUCE_DISPLAY_SPLASH_SCREEN=1",
					"JUCE_USE_DARK_SPLASH_SCREEN=1",
					"JUCE_PROJUCER_VERSION=0x60102",
					"JUCE_MODULE_AVAILABLE_juce_audio_basics=1",
					"JUCE_MODULE_AVAILABLE_juce_audio_devices=1",
					"JUCE_MODULE_AVAILABLE_juce_audio_formats=1",
					"JUCE_MODULE_AVAILABLE_juce_audio_plugin_client=1",
					"JUCE_MODULE_AVAILABLE_juce_audio_processors=1",
					"JUCE_MODULE_AVAILABLE_juce_audio_utils=1",
					"JUCE_MODULE_AVAILABLE_juce_core=1",
					"JUCE_MODULE_AVAILABLE_juce_data_structures=1",
					"JUCE_MODULE_AVAILABLE_juce_events=1",
					"JUCE_MODULE_AVAILABLE_juce_graphics=1",
					"JUCE_MODULE_AVAILABLE_juce_gui_basics=1",
					"JUCE_MODULE_AVAILABLE_juce_gui_extra=1",
					"JUCE_GLOBAL_MODULE_SETTINGS_INCLUDED=1",
					"JUCE_VST3_CAN_REPLACE_VST2=0",
					"JUCE_STRICT_REFCOUNTEDPOINTER=1",
					"JucePlugin_Build_VST=0",
					"JucePlugin_Build_VST3=1",
					"JucePlugin_Build_AU=0",
					"JucePlugin_Build_AUv3=0",
					"JucePlugin_Build_RTAS=0",
					"JucePlugin_Build_AAX=0",
					"JucePlugin_Build_Standalone=0",
					"JucePlugin_Build_Unity=0",
					"JucePlugin_Enable_IAA=0",
					"JucePlugin_Name=\\\"waterphonePlugin\\\"",
					"JucePlugin_Desc=\\\"waterphonePlugin\\\"",
					"JucePlugin_Manufacturer=\\\"yourcompany\\\"",
					"JucePlugin_ManufacturerWebsite=\\\"\\\"",
					"JucePlugin_ManufacturerEmail=\\\"\\\"",
					"JucePlugin_ManufacturerCode=0x4d616e75",
					"JucePlugin_PluginCode=0x5373336e",
					"JucePlugin_IsSynth=0",
					"JucePlugin_WantsMidiInput=0",
					"JucePlugin_ProducesMidiOutput=0",
					"JucePlugin_IsMidiEffect=0",
					"JucePlugin_EditorRequiresKeyboardFocus=0",
					"JucePlugin_Version=1.0.0",
					"JucePlugin_VersionCode=0x10000",
					"JucePlugin_VersionString=\\\"1.0.0\\\"",
					"JucePlugin_VSTUniqueID=JucePlugin_PluginCode",
					"JucePlugin_VSTCategory=kPlugCategEffect",
					"JucePlugin_Vst3Category=\\\"Fx\\\"",
					"JucePlugin_AUMainType='aufx'",
					"JucePlugin_AUSubType=JucePlugin_PluginCode",
					"JucePlugin_AUExportPrefix=waterphonePluginAU",
					"JucePlugin_AUExportPrefixQuoted=\\\"waterphonePluginAU\\\"",
					"JucePlugin_AUManufacturerCode=JucePlugin_ManufacturerCode",
					"JucePlugin_CFBundleIdentifier=com.yourcompany.waterphonePlugin",
					"JucePlugin_RTASCategory=0",
					"JucePlugin_RTASManufacturerCode=JucePlugin_ManufacturerCode",
					"JucePlugin_RTASProductId=JucePlugin_PluginCode",
					"JucePlugin_RTASDisableBypass=0",
					"JucePlugin_RTASDisableMultiMono=0",
					"JucePlugin_AAXIdentifier=com.yourcompany.waterphonePlugin",
					"JucePlugin_AAXManufacturerCode=JucePlugin_ManufacturerCode",
					"JucePlugin_AAXProductId=JucePlugin_PluginCode",
					"JucePlugin_AAXCategory=0",
					"JucePlugin_AAXDisableBypass=0",
					"JucePlugin_AAXDisableMultiMono=0",
					"JucePlugin_IAAType=0x61757278",
					"JucePlugin_IAASubType=JucePlugin_PluginCode",
					"JucePlugin_IAAName=\\\"yourcompany:\\ waterphonePlugin\\\"",
					"JucePlugin_VSTNumMidiInputs=16",
					"JucePlugin_VSTNumMidiOutputs=16",
					"JUCE_STANDALONE_APPLICATION=JucePlugin_Build_Standalone",
					"JUCER_XCODE_MAC_F6D2F4CF=1",
					"JUCE_APP_VERSION=1.0.0",
					"JUCE_APP_VERSION_HEX=0x10000",
				);
				GCC_VERSION = com.apple.compilers.llvm.clang.1_0;
				GENERATE_PKGINFO_FILE = YES;
				HEADER_SEARCH_PATHS = (
					/Applications/JUCE/modules/juce_audio_processors/format_types/VST3_SDK,
					/Users/charis/Documents/VST_SDK/VST3_SDK,
					"$(SRCROOT)/../../JuceLibraryCode",
					/Applications/JUCE/modules,
					/Applications/JUCE/modules/juce_audio_plugin_client,
					"$(inherited)",
				);
				INFOPLIST_FILE = "Info-VST3.plist";
				INFOPLIST_PREPROCESS = NO;
				INSTALL_PATH = "$(HOME)/Library/Audio/Plug-Ins/VST3/";
				LIBRARY_STYLE = Bundle;
				MACOSX_DEPLOYMENT_TARGET = 10.11;
				MTL_HEADER_SEARCH_PATHS = "/Applications/JUCE/modules/juce_audio_processors/format_types/VST3_SDK /Users/charis/Documents/VST_SDK/VST3_SDK $(SRCROOT)/../../JuceLibraryCode /Applications/JUCE/modules /Applications/JUCE/modules/juce_audio_plugin_client";
				OTHER_LDFLAGS = (
					"-bundle",
					"-lwaterphonePlugin",
				);
				PRODUCT_BUNDLE_IDENTIFIER = com.yourcompany.waterphonePlugin;
				PRODUCT_NAME = waterphonePlugin;
				USE_HEADERMAP = NO;
				VALID_ARCHS = "i386 x86_64 arm64 arm64e";
				WRAPPER_EXTENSION = vst3;
			};
			name = Debug;
		};
		342DA9B27D8CB0B57CECC5E0 /* Release */ = {
			isa = XCBuildConfiguration;
			buildSettings = {
				ALWAYS_SEARCH_USER_PATHS = NO;
				CLANG_ENABLE_OBJC_WEAK = YES;
				CLANG_WARN_BLOCK_CAPTURE_AUTORELEASING = YES;
				CLANG_WARN_BOOL_CONVERSION = YES;
				CLANG_WARN_COMMA = YES;
				CLANG_WARN_CONSTANT_CONVERSION = YES;
				CLANG_WARN_DEPRECATED_OBJC_IMPLEMENTATIONS = YES;
				CLANG_WARN_EMPTY_BODY = YES;
				CLANG_WARN_ENUM_CONVERSION = YES;
				CLANG_WARN_INFINITE_RECURSION = YES;
				CLANG_WARN_INT_CONVERSION = YES;
				CLANG_WARN_NON_LITERAL_NULL_CONVERSION = YES;
				CLANG_WARN_OBJC_IMPLICIT_RETAIN_SELF = YES;
				CLANG_WARN_OBJC_LITERAL_CONVERSION = YES;
				CLANG_WARN_QUOTED_INCLUDE_IN_FRAMEWORK_HEADER = YES;
				CLANG_WARN_RANGE_LOOP_ANALYSIS = YES;
				CLANG_WARN_STRICT_PROTOTYPES = YES;
				CLANG_WARN_SUSPICIOUS_MOVE = YES;
				CLANG_WARN_UNREACHABLE_CODE = YES;
				CLANG_WARN__DUPLICATE_METHOD_MATCH = YES;
				CODE_SIGN_IDENTITY = "";
				DEBUG_INFORMATION_FORMAT = dwarf;
				ENABLE_STRICT_OBJC_MSGSEND = YES;
				ENABLE_TESTABILITY = NO;
				GCC_C_LANGUAGE_STANDARD = c11;
				GCC_INLINES_ARE_PRIVATE_EXTERN = YES;
				GCC_MODEL_TUNING = G5;
				GCC_NO_COMMON_BLOCKS = YES;
				GCC_SYMBOLS_PRIVATE_EXTERN = YES;
				GCC_WARN_64_TO_32_BIT_CONVERSION = YES;
				GCC_WARN_ABOUT_RETURN_TYPE = YES;
				GCC_WARN_CHECK_SWITCH_STATEMENTS = YES;
				GCC_WARN_MISSING_PARENTHESES = YES;
				GCC_WARN_NON_VIRTUAL_DESTRUCTOR = YES;
				GCC_WARN_TYPECHECK_CALLS_TO_PRINTF = YES;
				GCC_WARN_UNDECLARED_SELECTOR = YES;
				GCC_WARN_UNINITIALIZED_AUTOS = YES;
				GCC_WARN_UNUSED_FUNCTION = YES;
				GCC_WARN_UNUSED_VARIABLE = YES;
				PRODUCT_NAME = waterphonePlugin;
				SDKROOT = macosx;
				WARNING_CFLAGS = "-Wreorder";
				ZERO_LINK = NO;
			};
			name = Release;
		};
		3E47103FD4A9C47823F50BBE /* Debug */ = {
			isa = XCBuildConfiguration;
			buildSettings = {
				CLANG_CXX_LANGUAGE_STANDARD = "c++14";
				CLANG_CXX_LIBRARY = "libc++";
				CLANG_LINK_OBJC_RUNTIME = NO;
				CODE_SIGN_IDENTITY = "";
				COMBINE_HIDPI_IMAGES = YES;
				CONFIGURATION_BUILD_DIR = "$(PROJECT_DIR)/build/$(CONFIGURATION)";
				COPY_PHASE_STRIP = NO;
				GCC_DYNAMIC_NO_PIC = NO;
				GCC_OPTIMIZATION_LEVEL = 0;
				GCC_PREPROCESSOR_DEFINITIONS = (
					"_DEBUG=1",
					"DEBUG=1",
					"JUCE_DISPLAY_SPLASH_SCREEN=1",
					"JUCE_USE_DARK_SPLASH_SCREEN=1",
					"JUCE_PROJUCER_VERSION=0x60102",
					"JUCE_MODULE_AVAILABLE_juce_audio_basics=1",
					"JUCE_MODULE_AVAILABLE_juce_audio_devices=1",
					"JUCE_MODULE_AVAILABLE_juce_audio_formats=1",
					"JUCE_MODULE_AVAILABLE_juce_audio_plugin_client=1",
					"JUCE_MODULE_AVAILABLE_juce_audio_processors=1",
					"JUCE_MODULE_AVAILABLE_juce_audio_utils=1",
					"JUCE_MODULE_AVAILABLE_juce_core=1",
					"JUCE_MODULE_AVAILABLE_juce_data_structures=1",
					"JUCE_MODULE_AVAILABLE_juce_events=1",
					"JUCE_MODULE_AVAILABLE_juce_graphics=1",
					"JUCE_MODULE_AVAILABLE_juce_gui_basics=1",
					"JUCE_MODULE_AVAILABLE_juce_gui_extra=1",
					"JUCE_GLOBAL_MODULE_SETTINGS_INCLUDED=1",
					"JUCE_VST3_CAN_REPLACE_VST2=0",
					"JUCE_STRICT_REFCOUNTEDPOINTER=1",
					"JucePlugin_Build_VST=0",
					"JucePlugin_Build_VST3=1",
					"JucePlugin_Build_AU=1",
					"JucePlugin_Build_AUv3=0",
					"JucePlugin_Build_RTAS=0",
					"JucePlugin_Build_AAX=0",
					"JucePlugin_Build_Standalone=1",
					"JucePlugin_Build_Unity=0",
					"JucePlugin_Enable_IAA=0",
					"JucePlugin_Name=\\\"waterphonePlugin\\\"",
					"JucePlugin_Desc=\\\"waterphonePlugin\\\"",
					"JucePlugin_Manufacturer=\\\"yourcompany\\\"",
					"JucePlugin_ManufacturerWebsite=\\\"\\\"",
					"JucePlugin_ManufacturerEmail=\\\"\\\"",
					"JucePlugin_ManufacturerCode=0x4d616e75",
					"JucePlugin_PluginCode=0x5373336e",
					"JucePlugin_IsSynth=0",
					"JucePlugin_WantsMidiInput=0",
					"JucePlugin_ProducesMidiOutput=0",
					"JucePlugin_IsMidiEffect=0",
					"JucePlugin_EditorRequiresKeyboardFocus=0",
					"JucePlugin_Version=1.0.0",
					"JucePlugin_VersionCode=0x10000",
					"JucePlugin_VersionString=\\\"1.0.0\\\"",
					"JucePlugin_VSTUniqueID=JucePlugin_PluginCode",
					"JucePlugin_VSTCategory=kPlugCategEffect",
					"JucePlugin_Vst3Category=\\\"Fx\\\"",
					"JucePlugin_AUMainType='aufx'",
					"JucePlugin_AUSubType=JucePlugin_PluginCode",
					"JucePlugin_AUExportPrefix=waterphonePluginAU",
					"JucePlugin_AUExportPrefixQuoted=\\\"waterphonePluginAU\\\"",
					"JucePlugin_AUManufacturerCode=JucePlugin_ManufacturerCode",
					"JucePlugin_CFBundleIdentifier=com.yourcompany.waterphonePlugin",
					"JucePlugin_RTASCategory=0",
					"JucePlugin_RTASManufacturerCode=JucePlugin_ManufacturerCode",
					"JucePlugin_RTASProductId=JucePlugin_PluginCode",
					"JucePlugin_RTASDisableBypass=0",
					"JucePlugin_RTASDisableMultiMono=0",
					"JucePlugin_AAXIdentifier=com.yourcompany.waterphonePlugin",
					"JucePlugin_AAXManufacturerCode=JucePlugin_ManufacturerCode",
					"JucePlugin_AAXProductId=JucePlugin_PluginCode",
					"JucePlugin_AAXCategory=0",
					"JucePlugin_AAXDisableBypass=0",
					"JucePlugin_AAXDisableMultiMono=0",
					"JucePlugin_IAAType=0x61757278",
					"JucePlugin_IAASubType=JucePlugin_PluginCode",
					"JucePlugin_IAAName=\\\"yourcompany:\\ waterphonePlugin\\\"",
					"JucePlugin_VSTNumMidiInputs=16",
					"JucePlugin_VSTNumMidiOutputs=16",
					"JUCE_STANDALONE_APPLICATION=JucePlugin_Build_Standalone",
					"JUCER_XCODE_MAC_F6D2F4CF=1",
					"JUCE_APP_VERSION=1.0.0",
					"JUCE_APP_VERSION_HEX=0x10000",
					"JUCE_SHARED_CODE=1",
				);
				GCC_VERSION = com.apple.compilers.llvm.clang.1_0;
				HEADER_SEARCH_PATHS = (
					/Applications/JUCE/modules/juce_audio_processors/format_types/VST3_SDK,
					/Users/charis/Documents/VST_SDK/VST3_SDK,
					"$(SRCROOT)/../../JuceLibraryCode",
					/Applications/JUCE/modules,
					/Applications/JUCE/modules/juce_audio_plugin_client,
					"$(inherited)",
				);
				INSTALL_PATH = "@executable_path/../Frameworks";
				MACOSX_DEPLOYMENT_TARGET = 10.11;
				MTL_HEADER_SEARCH_PATHS = "/Applications/JUCE/modules/juce_audio_processors/format_types/VST3_SDK /Users/charis/Documents/VST_SDK/VST3_SDK $(SRCROOT)/../../JuceLibraryCode /Applications/JUCE/modules /Applications/JUCE/modules/juce_audio_plugin_client";
				PRODUCT_BUNDLE_IDENTIFIER = com.yourcompany.waterphonePlugin;
				PRODUCT_NAME = waterphonePlugin;
				SKIP_INSTALL = YES;
				USE_HEADERMAP = NO;
				VALID_ARCHS = "i386 x86_64 arm64 arm64e";
			};
			name = Debug;
		};
		5786A1DFFF4ECBA9FCAB9258 /* Debug */ = {
			isa = XCBuildConfiguration;
			buildSettings = {
				ALWAYS_SEARCH_USER_PATHS = NO;
				CLANG_ENABLE_OBJC_WEAK = YES;
				CLANG_WARN_BLOCK_CAPTURE_AUTORELEASING = YES;
				CLANG_WARN_BOOL_CONVERSION = YES;
				CLANG_WARN_COMMA = YES;
				CLANG_WARN_CONSTANT_CONVERSION = YES;
				CLANG_WARN_DEPRECATED_OBJC_IMPLEMENTATIONS = YES;
				CLANG_WARN_EMPTY_BODY = YES;
				CLANG_WARN_ENUM_CONVERSION = YES;
				CLANG_WARN_INFINITE_RECURSION = YES;
				CLANG_WARN_INT_CONVERSION = YES;
				CLANG_WARN_NON_LITERAL_NULL_CONVERSION = YES;
				CLANG_WARN_OBJC_IMPLICIT_RETAIN_SELF = YES;
				CLANG_WARN_OBJC_LITERAL_CONVERSION = YES;
				CLANG_WARN_QUOTED_INCLUDE_IN_FRAMEWORK_HEADER = YES;
				CLANG_WARN_RANGE_LOOP_ANALYSIS = YES;
				CLANG_WARN_STRICT_PROTOTYPES = YES;
				CLANG_WARN_SUSPICIOUS_MOVE = YES;
				CLANG_WARN_UNREACHABLE_CODE = YES;
				CLANG_WARN__DUPLICATE_METHOD_MATCH = YES;
				CODE_SIGN_IDENTITY = "";
				DEBUG_INFORMATION_FORMAT = dwarf;
				ENABLE_STRICT_OBJC_MSGSEND = YES;
				ENABLE_TESTABILITY = YES;
				GCC_C_LANGUAGE_STANDARD = c11;
				GCC_INLINES_ARE_PRIVATE_EXTERN = YES;
				GCC_MODEL_TUNING = G5;
				GCC_NO_COMMON_BLOCKS = YES;
				GCC_SYMBOLS_PRIVATE_EXTERN = YES;
				GCC_WARN_64_TO_32_BIT_CONVERSION = YES;
				GCC_WARN_ABOUT_RETURN_TYPE = YES;
				GCC_WARN_CHECK_SWITCH_STATEMENTS = YES;
				GCC_WARN_MISSING_PARENTHESES = YES;
				GCC_WARN_NON_VIRTUAL_DESTRUCTOR = YES;
				GCC_WARN_TYPECHECK_CALLS_TO_PRINTF = YES;
				GCC_WARN_UNDECLARED_SELECTOR = YES;
				GCC_WARN_UNINITIALIZED_AUTOS = YES;
				GCC_WARN_UNUSED_FUNCTION = YES;
				GCC_WARN_UNUSED_VARIABLE = YES;
				ONLY_ACTIVE_ARCH = YES;
				PRODUCT_NAME = waterphonePlugin;
				SDKROOT = macosx;
				WARNING_CFLAGS = "-Wreorder";
				ZERO_LINK = NO;
			};
			name = Debug;
		};
		75896F98C0B28C129C8531F3 /* Release */ = {
			isa = XCBuildConfiguration;
			buildSettings = {
				CLANG_CXX_LANGUAGE_STANDARD = "c++14";
				CLANG_CXX_LIBRARY = "libc++";
				CLANG_LINK_OBJC_RUNTIME = NO;
				CODE_SIGN_IDENTITY = "";
				COMBINE_HIDPI_IMAGES = YES;
				CONFIGURATION_BUILD_DIR = "$(PROJECT_DIR)/build/$(CONFIGURATION)";
				DEAD_CODE_STRIPPING = YES;
				GCC_GENERATE_DEBUGGING_SYMBOLS = NO;
				GCC_OPTIMIZATION_LEVEL = 3;
				GCC_PREPROCESSOR_DEFINITIONS = (
					"_NDEBUG=1",
					"NDEBUG=1",
					"JUCE_DISPLAY_SPLASH_SCREEN=1",
					"JUCE_USE_DARK_SPLASH_SCREEN=1",
					"JUCE_PROJUCER_VERSION=0x60102",
					"JUCE_MODULE_AVAILABLE_juce_audio_basics=1",
					"JUCE_MODULE_AVAILABLE_juce_audio_devices=1",
					"JUCE_MODULE_AVAILABLE_juce_audio_formats=1",
					"JUCE_MODULE_AVAILABLE_juce_audio_plugin_client=1",
					"JUCE_MODULE_AVAILABLE_juce_audio_processors=1",
					"JUCE_MODULE_AVAILABLE_juce_audio_utils=1",
					"JUCE_MODULE_AVAILABLE_juce_core=1",
					"JUCE_MODULE_AVAILABLE_juce_data_structures=1",
					"JUCE_MODULE_AVAILABLE_juce_events=1",
					"JUCE_MODULE_AVAILABLE_juce_graphics=1",
					"JUCE_MODULE_AVAILABLE_juce_gui_basics=1",
					"JUCE_MODULE_AVAILABLE_juce_gui_extra=1",
					"JUCE_GLOBAL_MODULE_SETTINGS_INCLUDED=1",
					"JUCE_VST3_CAN_REPLACE_VST2=0",
					"JUCE_STRICT_REFCOUNTEDPOINTER=1",
					"JucePlugin_Build_VST=0",
					"JucePlugin_Build_VST3=1",
					"JucePlugin_Build_AU=1",
					"JucePlugin_Build_AUv3=0",
					"JucePlugin_Build_RTAS=0",
					"JucePlugin_Build_AAX=0",
					"JucePlugin_Build_Standalone=1",
					"JucePlugin_Build_Unity=0",
					"JucePlugin_Enable_IAA=0",
					"JucePlugin_Name=\\\"waterphonePlugin\\\"",
					"JucePlugin_Desc=\\\"waterphonePlugin\\\"",
					"JucePlugin_Manufacturer=\\\"yourcompany\\\"",
					"JucePlugin_ManufacturerWebsite=\\\"\\\"",
					"JucePlugin_ManufacturerEmail=\\\"\\\"",
					"JucePlugin_ManufacturerCode=0x4d616e75",
					"JucePlugin_PluginCode=0x5373336e",
					"JucePlugin_IsSynth=0",
					"JucePlugin_WantsMidiInput=0",
					"JucePlugin_ProducesMidiOutput=0",
					"JucePlugin_IsMidiEffect=0",
					"JucePlugin_EditorRequiresKeyboardFocus=0",
					"JucePlugin_Version=1.0.0",
					"JucePlugin_VersionCode=0x10000",
					"JucePlugin_VersionString=\\\"1.0.0\\\"",
					"JucePlugin_VSTUniqueID=JucePlugin_PluginCode",
					"JucePlugin_VSTCategory=kPlugCategEffect",
					"JucePlugin_Vst3Category=\\\"Fx\\\"",
					"JucePlugin_AUMainType='aufx'",
					"JucePlugin_AUSubType=JucePlugin_PluginCode",
					"JucePlugin_AUExportPrefix=waterphonePluginAU",
					"JucePlugin_AUExportPrefixQuoted=\\\"waterphonePluginAU\\\"",
					"JucePlugin_AUManufacturerCode=JucePlugin_ManufacturerCode",
					"JucePlugin_CFBundleIdentifier=com.yourcompany.waterphonePlugin",
					"JucePlugin_RTASCategory=0",
					"JucePlugin_RTASManufacturerCode=JucePlugin_ManufacturerCode",
					"JucePlugin_RTASProductId=JucePlugin_PluginCode",
					"JucePlugin_RTASDisableBypass=0",
					"JucePlugin_RTASDisableMultiMono=0",
					"JucePlugin_AAXIdentifier=com.yourcompany.waterphonePlugin",
					"JucePlugin_AAXManufacturerCode=JucePlugin_ManufacturerCode",
					"JucePlugin_AAXProductId=JucePlugin_PluginCode",
					"JucePlugin_AAXCategory=0",
					"JucePlugin_AAXDisableBypass=0",
					"JucePlugin_AAXDisableMultiMono=0",
					"JucePlugin_IAAType=0x61757278",
					"JucePlugin_IAASubType=JucePlugin_PluginCode",
					"JucePlugin_IAAName=\\\"yourcompany:\\ waterphonePlugin\\\"",
					"JucePlugin_VSTNumMidiInputs=16",
					"JucePlugin_VSTNumMidiOutputs=16",
					"JUCE_STANDALONE_APPLICATION=JucePlugin_Build_Standalone",
					"JUCER_XCODE_MAC_F6D2F4CF=1",
					"JUCE_APP_VERSION=1.0.0",
					"JUCE_APP_VERSION_HEX=0x10000",
					"JUCE_SHARED_CODE=1",
				);
				GCC_VERSION = com.apple.compilers.llvm.clang.1_0;
				HEADER_SEARCH_PATHS = (
					/Applications/JUCE/modules/juce_audio_processors/format_types/VST3_SDK,
					/Users/charis/Documents/VST_SDK/VST3_SDK,
					"$(SRCROOT)/../../JuceLibraryCode",
					/Applications/JUCE/modules,
					/Applications/JUCE/modules/juce_audio_plugin_client,
					"$(inherited)",
				);
				INSTALL_PATH = "@executable_path/../Frameworks";
				LLVM_LTO = YES;
				MACOSX_DEPLOYMENT_TARGET = 10.11;
				MTL_HEADER_SEARCH_PATHS = "/Applications/JUCE/modules/juce_audio_processors/format_types/VST3_SDK /Users/charis/Documents/VST_SDK/VST3_SDK $(SRCROOT)/../../JuceLibraryCode /Applications/JUCE/modules /Applications/JUCE/modules/juce_audio_plugin_client";
				PRODUCT_BUNDLE_IDENTIFIER = com.yourcompany.waterphonePlugin;
				PRODUCT_NAME = waterphonePlugin;
				SKIP_INSTALL = YES;
				USE_HEADERMAP = NO;
				VALID_ARCHS = "i386 x86_64 arm64 arm64e";
			};
			name = Release;
		};
		8859624E45518B909E276E2F /* Debug */ = {
			isa = XCBuildConfiguration;
			buildSettings = {
				CLANG_CXX_LANGUAGE_STANDARD = "c++14";
				CLANG_CXX_LIBRARY = "libc++";
				CLANG_LINK_OBJC_RUNTIME = NO;
				CODE_SIGN_IDENTITY = "";
				COMBINE_HIDPI_IMAGES = YES;
				CONFIGURATION_BUILD_DIR = "$(PROJECT_DIR)/build/$(CONFIGURATION)";
				COPY_PHASE_STRIP = NO;
				DEPLOYMENT_LOCATION = YES;
				DSTROOT = /;
				GCC_DYNAMIC_NO_PIC = NO;
				GCC_OPTIMIZATION_LEVEL = 0;
				GCC_PREPROCESSOR_DEFINITIONS = (
					"_DEBUG=1",
					"DEBUG=1",
					"JUCE_DISPLAY_SPLASH_SCREEN=1",
					"JUCE_USE_DARK_SPLASH_SCREEN=1",
					"JUCE_PROJUCER_VERSION=0x60102",
					"JUCE_MODULE_AVAILABLE_juce_audio_basics=1",
					"JUCE_MODULE_AVAILABLE_juce_audio_devices=1",
					"JUCE_MODULE_AVAILABLE_juce_audio_formats=1",
					"JUCE_MODULE_AVAILABLE_juce_audio_plugin_client=1",
					"JUCE_MODULE_AVAILABLE_juce_audio_processors=1",
					"JUCE_MODULE_AVAILABLE_juce_audio_utils=1",
					"JUCE_MODULE_AVAILABLE_juce_core=1",
					"JUCE_MODULE_AVAILABLE_juce_data_structures=1",
					"JUCE_MODULE_AVAILABLE_juce_events=1",
					"JUCE_MODULE_AVAILABLE_juce_graphics=1",
					"JUCE_MODULE_AVAILABLE_juce_gui_basics=1",
					"JUCE_MODULE_AVAILABLE_juce_gui_extra=1",
					"JUCE_GLOBAL_MODULE_SETTINGS_INCLUDED=1",
					"JUCE_VST3_CAN_REPLACE_VST2=0",
					"JUCE_STRICT_REFCOUNTEDPOINTER=1",
					"JucePlugin_Build_VST=0",
					"JucePlugin_Build_VST3=0",
					"JucePlugin_Build_AU=1",
					"JucePlugin_Build_AUv3=0",
					"JucePlugin_Build_RTAS=0",
					"JucePlugin_Build_AAX=0",
					"JucePlugin_Build_Standalone=0",
					"JucePlugin_Build_Unity=0",
					"JucePlugin_Enable_IAA=0",
					"JucePlugin_Name=\\\"waterphonePlugin\\\"",
					"JucePlugin_Desc=\\\"waterphonePlugin\\\"",
					"JucePlugin_Manufacturer=\\\"yourcompany\\\"",
					"JucePlugin_ManufacturerWebsite=\\\"\\\"",
					"JucePlugin_ManufacturerEmail=\\\"\\\"",
					"JucePlugin_ManufacturerCode=0x4d616e75",
					"JucePlugin_PluginCode=0x5373336e",
					"JucePlugin_IsSynth=0",
					"JucePlugin_WantsMidiInput=0",
					"JucePlugin_ProducesMidiOutput=0",
					"JucePlugin_IsMidiEffect=0",
					"JucePlugin_EditorRequiresKeyboardFocus=0",
					"JucePlugin_Version=1.0.0",
					"JucePlugin_VersionCode=0x10000",
					"JucePlugin_VersionString=\\\"1.0.0\\\"",
					"JucePlugin_VSTUniqueID=JucePlugin_PluginCode",
					"JucePlugin_VSTCategory=kPlugCategEffect",
					"JucePlugin_Vst3Category=\\\"Fx\\\"",
					"JucePlugin_AUMainType='aufx'",
					"JucePlugin_AUSubType=JucePlugin_PluginCode",
					"JucePlugin_AUExportPrefix=waterphonePluginAU",
					"JucePlugin_AUExportPrefixQuoted=\\\"waterphonePluginAU\\\"",
					"JucePlugin_AUManufacturerCode=JucePlugin_ManufacturerCode",
					"JucePlugin_CFBundleIdentifier=com.yourcompany.waterphonePlugin",
					"JucePlugin_RTASCategory=0",
					"JucePlugin_RTASManufacturerCode=JucePlugin_ManufacturerCode",
					"JucePlugin_RTASProductId=JucePlugin_PluginCode",
					"JucePlugin_RTASDisableBypass=0",
					"JucePlugin_RTASDisableMultiMono=0",
					"JucePlugin_AAXIdentifier=com.yourcompany.waterphonePlugin",
					"JucePlugin_AAXManufacturerCode=JucePlugin_ManufacturerCode",
					"JucePlugin_AAXProductId=JucePlugin_PluginCode",
					"JucePlugin_AAXCategory=0",
					"JucePlugin_AAXDisableBypass=0",
					"JucePlugin_AAXDisableMultiMono=0",
					"JucePlugin_IAAType=0x61757278",
					"JucePlugin_IAASubType=JucePlugin_PluginCode",
					"JucePlugin_IAAName=\\\"yourcompany:\\ waterphonePlugin\\\"",
					"JucePlugin_VSTNumMidiInputs=16",
					"JucePlugin_VSTNumMidiOutputs=16",
					"JUCE_STANDALONE_APPLICATION=JucePlugin_Build_Standalone",
					"JUCER_XCODE_MAC_F6D2F4CF=1",
					"JUCE_APP_VERSION=1.0.0",
					"JUCE_APP_VERSION_HEX=0x10000",
				);
				GCC_VERSION = com.apple.compilers.llvm.clang.1_0;
				GENERATE_PKGINFO_FILE = YES;
				HEADER_SEARCH_PATHS = (
					/Applications/JUCE/modules/juce_audio_processors/format_types/VST3_SDK,
					/Users/charis/Documents/VST_SDK/VST3_SDK,
					"$(SRCROOT)/../../JuceLibraryCode",
					/Applications/JUCE/modules,
					/Applications/JUCE/modules/juce_audio_plugin_client,
					"$(inherited)",
				);
				INFOPLIST_FILE = "Info-AU.plist";
				INFOPLIST_PREPROCESS = NO;
				INSTALL_PATH = "$(HOME)/Library/Audio/Plug-Ins/Components/";
				LIBRARY_STYLE = Bundle;
				MACOSX_DEPLOYMENT_TARGET = 10.11;
				MTL_HEADER_SEARCH_PATHS = "/Applications/JUCE/modules/juce_audio_processors/format_types/VST3_SDK /Users/charis/Documents/VST_SDK/VST3_SDK $(SRCROOT)/../../JuceLibraryCode /Applications/JUCE/modules /Applications/JUCE/modules/juce_audio_plugin_client";
				OTHER_LDFLAGS = (
					"-bundle",
					"-lwaterphonePlugin",
				);
				OTHER_REZFLAGS = "-d ppc_$ppc -d i386_$i386 -d ppc64_$ppc64 -d x86_64_$x86_64 -d arm64_$arm64 -I /System/Library/Frameworks/CoreServices.framework/Frameworks/CarbonCore.framework/Versions/A/Headers -I \"$(DEVELOPER_DIR)/Extras/CoreAudio/AudioUnits/AUPublic/AUBase\" -I \"$(DEVELOPER_DIR)/Platforms/MacOSX.platform/Developer/SDKs/MacOSX.sdk/System/Library/Frameworks/AudioUnit.framework/Headers\"";
				PRODUCT_BUNDLE_IDENTIFIER = com.yourcompany.waterphonePlugin;
				PRODUCT_NAME = waterphonePlugin;
				USE_HEADERMAP = NO;
				VALID_ARCHS = "i386 x86_64 arm64 arm64e";
				WRAPPER_EXTENSION = component;
			};
			name = Debug;
		};
		9AB6E0295CBAF913CC565ED9 /* Release */ = {
			isa = XCBuildConfiguration;
			buildSettings = {
				CLANG_CXX_LANGUAGE_STANDARD = "c++14";
				CLANG_CXX_LIBRARY = "libc++";
				CLANG_LINK_OBJC_RUNTIME = NO;
				CODE_SIGN_IDENTITY = "";
				COMBINE_HIDPI_IMAGES = YES;
				CONFIGURATION_BUILD_DIR = "$(PROJECT_DIR)/build/$(CONFIGURATION)";
				DEAD_CODE_STRIPPING = YES;
				DEPLOYMENT_LOCATION = YES;
				DSTROOT = /;
				GCC_GENERATE_DEBUGGING_SYMBOLS = NO;
				GCC_OPTIMIZATION_LEVEL = 3;
				GCC_PREPROCESSOR_DEFINITIONS = (
					"_NDEBUG=1",
					"NDEBUG=1",
					"JUCE_DISPLAY_SPLASH_SCREEN=1",
					"JUCE_USE_DARK_SPLASH_SCREEN=1",
					"JUCE_PROJUCER_VERSION=0x60102",
					"JUCE_MODULE_AVAILABLE_juce_audio_basics=1",
					"JUCE_MODULE_AVAILABLE_juce_audio_devices=1",
					"JUCE_MODULE_AVAILABLE_juce_audio_formats=1",
					"JUCE_MODULE_AVAILABLE_juce_audio_plugin_client=1",
					"JUCE_MODULE_AVAILABLE_juce_audio_processors=1",
					"JUCE_MODULE_AVAILABLE_juce_audio_utils=1",
					"JUCE_MODULE_AVAILABLE_juce_core=1",
					"JUCE_MODULE_AVAILABLE_juce_data_structures=1",
					"JUCE_MODULE_AVAILABLE_juce_events=1",
					"JUCE_MODULE_AVAILABLE_juce_graphics=1",
					"JUCE_MODULE_AVAILABLE_juce_gui_basics=1",
					"JUCE_MODULE_AVAILABLE_juce_gui_extra=1",
					"JUCE_GLOBAL_MODULE_SETTINGS_INCLUDED=1",
					"JUCE_VST3_CAN_REPLACE_VST2=0",
					"JUCE_STRICT_REFCOUNTEDPOINTER=1",
					"JucePlugin_Build_VST=0",
					"JucePlugin_Build_VST3=1",
					"JucePlugin_Build_AU=0",
					"JucePlugin_Build_AUv3=0",
					"JucePlugin_Build_RTAS=0",
					"JucePlugin_Build_AAX=0",
					"JucePlugin_Build_Standalone=0",
					"JucePlugin_Build_Unity=0",
					"JucePlugin_Enable_IAA=0",
					"JucePlugin_Name=\\\"waterphonePlugin\\\"",
					"JucePlugin_Desc=\\\"waterphonePlugin\\\"",
					"JucePlugin_Manufacturer=\\\"yourcompany\\\"",
					"JucePlugin_ManufacturerWebsite=\\\"\\\"",
					"JucePlugin_ManufacturerEmail=\\\"\\\"",
					"JucePlugin_ManufacturerCode=0x4d616e75",
					"JucePlugin_PluginCode=0x5373336e",
					"JucePlugin_IsSynth=0",
					"JucePlugin_WantsMidiInput=0",
					"JucePlugin_ProducesMidiOutput=0",
					"JucePlugin_IsMidiEffect=0",
					"JucePlugin_EditorRequiresKeyboardFocus=0",
					"JucePlugin_Version=1.0.0",
					"JucePlugin_VersionCode=0x10000",
					"JucePlugin_VersionString=\\\"1.0.0\\\"",
					"JucePlugin_VSTUniqueID=JucePlugin_PluginCode",
					"JucePlugin_VSTCategory=kPlugCategEffect",
					"JucePlugin_Vst3Category=\\\"Fx\\\"",
					"JucePlugin_AUMainType='aufx'",
					"JucePlugin_AUSubType=JucePlugin_PluginCode",
					"JucePlugin_AUExportPrefix=waterphonePluginAU",
					"JucePlugin_AUExportPrefixQuoted=\\\"waterphonePluginAU\\\"",
					"JucePlugin_AUManufacturerCode=JucePlugin_ManufacturerCode",
					"JucePlugin_CFBundleIdentifier=com.yourcompany.waterphonePlugin",
					"JucePlugin_RTASCategory=0",
					"JucePlugin_RTASManufacturerCode=JucePlugin_ManufacturerCode",
					"JucePlugin_RTASProductId=JucePlugin_PluginCode",
					"JucePlugin_RTASDisableBypass=0",
					"JucePlugin_RTASDisableMultiMono=0",
					"JucePlugin_AAXIdentifier=com.yourcompany.waterphonePlugin",
					"JucePlugin_AAXManufacturerCode=JucePlugin_ManufacturerCode",
					"JucePlugin_AAXProductId=JucePlugin_PluginCode",
					"JucePlugin_AAXCategory=0",
					"JucePlugin_AAXDisableBypass=0",
					"JucePlugin_AAXDisableMultiMono=0",
					"JucePlugin_IAAType=0x61757278",
					"JucePlugin_IAASubType=JucePlugin_PluginCode",
					"JucePlugin_IAAName=\\\"yourcompany:\\ waterphonePlugin\\\"",
					"JucePlugin_VSTNumMidiInputs=16",
					"JucePlugin_VSTNumMidiOutputs=16",
					"JUCE_STANDALONE_APPLICATION=JucePlugin_Build_Standalone",
					"JUCER_XCODE_MAC_F6D2F4CF=1",
					"JUCE_APP_VERSION=1.0.0",
					"JUCE_APP_VERSION_HEX=0x10000",
				);
				GCC_VERSION = com.apple.compilers.llvm.clang.1_0;
				GENERATE_PKGINFO_FILE = YES;
				HEADER_SEARCH_PATHS = (
					/Applications/JUCE/modules/juce_audio_processors/format_types/VST3_SDK,
					/Users/charis/Documents/VST_SDK/VST3_SDK,
					"$(SRCROOT)/../../JuceLibraryCode",
					/Applications/JUCE/modules,
					/Applications/JUCE/modules/juce_audio_plugin_client,
					"$(inherited)",
				);
				INFOPLIST_FILE = "Info-VST3.plist";
				INFOPLIST_PREPROCESS = NO;
				INSTALL_PATH = "$(HOME)/Library/Audio/Plug-Ins/VST3/";
				LIBRARY_STYLE = Bundle;
				LLVM_LTO = YES;
				MACOSX_DEPLOYMENT_TARGET = 10.11;
				MTL_HEADER_SEARCH_PATHS = "/Applications/JUCE/modules/juce_audio_processors/format_types/VST3_SDK /Users/charis/Documents/VST_SDK/VST3_SDK $(SRCROOT)/../../JuceLibraryCode /Applications/JUCE/modules /Applications/JUCE/modules/juce_audio_plugin_client";
				OTHER_LDFLAGS = (
					"-bundle",
					"-lwaterphonePlugin",
				);
				PRODUCT_BUNDLE_IDENTIFIER = com.yourcompany.waterphonePlugin;
				PRODUCT_NAME = waterphonePlugin;
				USE_HEADERMAP = NO;
				VALID_ARCHS = "i386 x86_64 arm64 arm64e";
				WRAPPER_EXTENSION = vst3;
			};
			name = Release;
		};
		B7138B526FA55CE24DF7476E /* Release */ = {
			isa = XCBuildConfiguration;
			buildSettings = {
				CLANG_CXX_LANGUAGE_STANDARD = "c++14";
				CLANG_CXX_LIBRARY = "libc++";
				CLANG_LINK_OBJC_RUNTIME = NO;
				CODE_SIGN_IDENTITY = "-";
				COMBINE_HIDPI_IMAGES = YES;
				CONFIGURATION_BUILD_DIR = "$(PROJECT_DIR)/build/$(CONFIGURATION)";
				DEAD_CODE_STRIPPING = YES;
				GCC_GENERATE_DEBUGGING_SYMBOLS = NO;
				GCC_OPTIMIZATION_LEVEL = 3;
				GCC_PREPROCESSOR_DEFINITIONS = (
					"_NDEBUG=1",
					"NDEBUG=1",
					"JUCE_DISPLAY_SPLASH_SCREEN=1",
					"JUCE_USE_DARK_SPLASH_SCREEN=1",
					"JUCE_PROJUCER_VERSION=0x60102",
					"JUCE_MODULE_AVAILABLE_juce_audio_basics=1",
					"JUCE_MODULE_AVAILABLE_juce_audio_devices=1",
					"JUCE_MODULE_AVAILABLE_juce_audio_formats=1",
					"JUCE_MODULE_AVAILABLE_juce_audio_plugin_client=1",
					"JUCE_MODULE_AVAILABLE_juce_audio_processors=1",
					"JUCE_MODULE_AVAILABLE_juce_audio_utils=1",
					"JUCE_MODULE_AVAILABLE_juce_core=1",
					"JUCE_MODULE_AVAILABLE_juce_data_structures=1",
					"JUCE_MODULE_AVAILABLE_juce_events=1",
					"JUCE_MODULE_AVAILABLE_juce_graphics=1",
					"JUCE_MODULE_AVAILABLE_juce_gui_basics=1",
					"JUCE_MODULE_AVAILABLE_juce_gui_extra=1",
					"JUCE_GLOBAL_MODULE_SETTINGS_INCLUDED=1",
					"JUCE_VST3_CAN_REPLACE_VST2=0",
					"JUCE_STRICT_REFCOUNTEDPOINTER=1",
					"JucePlugin_Build_VST=0",
					"JucePlugin_Build_VST3=0",
					"JucePlugin_Build_AU=0",
					"JucePlugin_Build_AUv3=0",
					"JucePlugin_Build_RTAS=0",
					"JucePlugin_Build_AAX=0",
					"JucePlugin_Build_Standalone=1",
					"JucePlugin_Build_Unity=0",
					"JucePlugin_Enable_IAA=0",
					"JucePlugin_Name=\\\"waterphonePlugin\\\"",
					"JucePlugin_Desc=\\\"waterphonePlugin\\\"",
					"JucePlugin_Manufacturer=\\\"yourcompany\\\"",
					"JucePlugin_ManufacturerWebsite=\\\"\\\"",
					"JucePlugin_ManufacturerEmail=\\\"\\\"",
					"JucePlugin_ManufacturerCode=0x4d616e75",
					"JucePlugin_PluginCode=0x5373336e",
					"JucePlugin_IsSynth=0",
					"JucePlugin_WantsMidiInput=0",
					"JucePlugin_ProducesMidiOutput=0",
					"JucePlugin_IsMidiEffect=0",
					"JucePlugin_EditorRequiresKeyboardFocus=0",
					"JucePlugin_Version=1.0.0",
					"JucePlugin_VersionCode=0x10000",
					"JucePlugin_VersionString=\\\"1.0.0\\\"",
					"JucePlugin_VSTUniqueID=JucePlugin_PluginCode",
					"JucePlugin_VSTCategory=kPlugCategEffect",
					"JucePlugin_Vst3Category=\\\"Fx\\\"",
					"JucePlugin_AUMainType='aufx'",
					"JucePlugin_AUSubType=JucePlugin_PluginCode",
					"JucePlugin_AUExportPrefix=waterphonePluginAU",
					"JucePlugin_AUExportPrefixQuoted=\\\"waterphonePluginAU\\\"",
					"JucePlugin_AUManufacturerCode=JucePlugin_ManufacturerCode",
					"JucePlugin_CFBundleIdentifier=com.yourcompany.waterphonePlugin",
					"JucePlugin_RTASCategory=0",
					"JucePlugin_RTASManufacturerCode=JucePlugin_ManufacturerCode",
					"JucePlugin_RTASProductId=JucePlugin_PluginCode",
					"JucePlugin_RTASDisableBypass=0",
					"JucePlugin_RTASDisableMultiMono=0",
					"JucePlugin_AAXIdentifier=com.yourcompany.waterphonePlugin",
					"JucePlugin_AAXManufacturerCode=JucePlugin_ManufacturerCode",
					"JucePlugin_AAXProductId=JucePlugin_PluginCode",
					"JucePlugin_AAXCategory=0",
					"JucePlugin_AAXDisableBypass=0",
					"JucePlugin_AAXDisableMultiMono=0",
					"JucePlugin_IAAType=0x61757278",
					"JucePlugin_IAASubType=JucePlugin_PluginCode",
					"JucePlugin_IAAName=\\\"yourcompany:\\ waterphonePlugin\\\"",
					"JucePlugin_VSTNumMidiInputs=16",
					"JucePlugin_VSTNumMidiOutputs=16",
					"JUCE_STANDALONE_APPLICATION=JucePlugin_Build_Standalone",
					"JUCER_XCODE_MAC_F6D2F4CF=1",
					"JUCE_APP_VERSION=1.0.0",
					"JUCE_APP_VERSION_HEX=0x10000",
				);
				GCC_VERSION = com.apple.compilers.llvm.clang.1_0;
				HEADER_SEARCH_PATHS = (
					/Applications/JUCE/modules/juce_audio_processors/format_types/VST3_SDK,
					/Users/charis/Documents/VST_SDK/VST3_SDK,
					"$(SRCROOT)/../../JuceLibraryCode",
					/Applications/JUCE/modules,
					/Applications/JUCE/modules/juce_audio_plugin_client,
					"$(inherited)",
				);
				INFOPLIST_FILE = "Info-Standalone_Plugin.plist";
				INFOPLIST_PREPROCESS = NO;
				LLVM_LTO = YES;
				MACOSX_DEPLOYMENT_TARGET = 10.11;
				MTL_HEADER_SEARCH_PATHS = "/Applications/JUCE/modules/juce_audio_processors/format_types/VST3_SDK /Users/charis/Documents/VST_SDK/VST3_SDK $(SRCROOT)/../../JuceLibraryCode /Applications/JUCE/modules /Applications/JUCE/modules/juce_audio_plugin_client";
				OTHER_LDFLAGS = "-lwaterphonePlugin";
				PRODUCT_BUNDLE_IDENTIFIER = com.yourcompany.waterphonePlugin;
				PRODUCT_NAME = waterphonePlugin;
				USE_HEADERMAP = NO;
				VALID_ARCHS = "i386 x86_64 arm64 arm64e";
			};
			name = Release;
		};
		D5661644D480210F4076EBA2 /* Debug */ = {
			isa = XCBuildConfiguration;
			buildSettings = {
				MACOSX_DEPLOYMENT_TARGET = 10.11;
				SDKROOT = macosx;
			};
			name = Debug;
		};
		EE6793C8B119F5B58C65FAFD /* Debug */ = {
			isa = XCBuildConfiguration;
			buildSettings = {
				CLANG_CXX_LANGUAGE_STANDARD = "c++14";
				CLANG_CXX_LIBRARY = "libc++";
				CLANG_LINK_OBJC_RUNTIME = NO;
				CODE_SIGN_IDENTITY = "-";
				COMBINE_HIDPI_IMAGES = YES;
				CONFIGURATION_BUILD_DIR = "$(PROJECT_DIR)/build/$(CONFIGURATION)";
				COPY_PHASE_STRIP = NO;
				GCC_DYNAMIC_NO_PIC = NO;
				GCC_OPTIMIZATION_LEVEL = 0;
				GCC_PREPROCESSOR_DEFINITIONS = (
					"_DEBUG=1",
					"DEBUG=1",
					"JUCE_DISPLAY_SPLASH_SCREEN=1",
					"JUCE_USE_DARK_SPLASH_SCREEN=1",
					"JUCE_PROJUCER_VERSION=0x60102",
					"JUCE_MODULE_AVAILABLE_juce_audio_basics=1",
					"JUCE_MODULE_AVAILABLE_juce_audio_devices=1",
					"JUCE_MODULE_AVAILABLE_juce_audio_formats=1",
					"JUCE_MODULE_AVAILABLE_juce_audio_plugin_client=1",
					"JUCE_MODULE_AVAILABLE_juce_audio_processors=1",
					"JUCE_MODULE_AVAILABLE_juce_audio_utils=1",
					"JUCE_MODULE_AVAILABLE_juce_core=1",
					"JUCE_MODULE_AVAILABLE_juce_data_structures=1",
					"JUCE_MODULE_AVAILABLE_juce_events=1",
					"JUCE_MODULE_AVAILABLE_juce_graphics=1",
					"JUCE_MODULE_AVAILABLE_juce_gui_basics=1",
					"JUCE_MODULE_AVAILABLE_juce_gui_extra=1",
					"JUCE_GLOBAL_MODULE_SETTINGS_INCLUDED=1",
					"JUCE_VST3_CAN_REPLACE_VST2=0",
					"JUCE_STRICT_REFCOUNTEDPOINTER=1",
					"JucePlugin_Build_VST=0",
					"JucePlugin_Build_VST3=0",
					"JucePlugin_Build_AU=0",
					"JucePlugin_Build_AUv3=0",
					"JucePlugin_Build_RTAS=0",
					"JucePlugin_Build_AAX=0",
					"JucePlugin_Build_Standalone=1",
					"JucePlugin_Build_Unity=0",
					"JucePlugin_Enable_IAA=0",
					"JucePlugin_Name=\\\"waterphonePlugin\\\"",
					"JucePlugin_Desc=\\\"waterphonePlugin\\\"",
					"JucePlugin_Manufacturer=\\\"yourcompany\\\"",
					"JucePlugin_ManufacturerWebsite=\\\"\\\"",
					"JucePlugin_ManufacturerEmail=\\\"\\\"",
					"JucePlugin_ManufacturerCode=0x4d616e75",
					"JucePlugin_PluginCode=0x5373336e",
					"JucePlugin_IsSynth=0",
					"JucePlugin_WantsMidiInput=0",
					"JucePlugin_ProducesMidiOutput=0",
					"JucePlugin_IsMidiEffect=0",
					"JucePlugin_EditorRequiresKeyboardFocus=0",
					"JucePlugin_Version=1.0.0",
					"JucePlugin_VersionCode=0x10000",
					"JucePlugin_VersionString=\\\"1.0.0\\\"",
					"JucePlugin_VSTUniqueID=JucePlugin_PluginCode",
					"JucePlugin_VSTCategory=kPlugCategEffect",
					"JucePlugin_Vst3Category=\\\"Fx\\\"",
					"JucePlugin_AUMainType='aufx'",
					"JucePlugin_AUSubType=JucePlugin_PluginCode",
					"JucePlugin_AUExportPrefix=waterphonePluginAU",
					"JucePlugin_AUExportPrefixQuoted=\\\"waterphonePluginAU\\\"",
					"JucePlugin_AUManufacturerCode=JucePlugin_ManufacturerCode",
					"JucePlugin_CFBundleIdentifier=com.yourcompany.waterphonePlugin",
					"JucePlugin_RTASCategory=0",
					"JucePlugin_RTASManufacturerCode=JucePlugin_ManufacturerCode",
					"JucePlugin_RTASProductId=JucePlugin_PluginCode",
					"JucePlugin_RTASDisableBypass=0",
					"JucePlugin_RTASDisableMultiMono=0",
					"JucePlugin_AAXIdentifier=com.yourcompany.waterphonePlugin",
					"JucePlugin_AAXManufacturerCode=JucePlugin_ManufacturerCode",
					"JucePlugin_AAXProductId=JucePlugin_PluginCode",
					"JucePlugin_AAXCategory=0",
					"JucePlugin_AAXDisableBypass=0",
					"JucePlugin_AAXDisableMultiMono=0",
					"JucePlugin_IAAType=0x61757278",
					"JucePlugin_IAASubType=JucePlugin_PluginCode",
					"JucePlugin_IAAName=\\\"yourcompany:\\ waterphonePlugin\\\"",
					"JucePlugin_VSTNumMidiInputs=16",
					"JucePlugin_VSTNumMidiOutputs=16",
					"JUCE_STANDALONE_APPLICATION=JucePlugin_Build_Standalone",
					"JUCER_XCODE_MAC_F6D2F4CF=1",
					"JUCE_APP_VERSION=1.0.0",
					"JUCE_APP_VERSION_HEX=0x10000",
				);
				GCC_VERSION = com.apple.compilers.llvm.clang.1_0;
				HEADER_SEARCH_PATHS = (
					/Applications/JUCE/modules/juce_audio_processors/format_types/VST3_SDK,
					/Users/charis/Documents/VST_SDK/VST3_SDK,
					"$(SRCROOT)/../../JuceLibraryCode",
					/Applications/JUCE/modules,
					/Applications/JUCE/modules/juce_audio_plugin_client,
					"$(inherited)",
				);
				INFOPLIST_FILE = "Info-Standalone_Plugin.plist";
				INFOPLIST_PREPROCESS = NO;
				MACOSX_DEPLOYMENT_TARGET = 10.11;
				MTL_HEADER_SEARCH_PATHS = "/Applications/JUCE/modules/juce_audio_processors/format_types/VST3_SDK /Users/charis/Documents/VST_SDK/VST3_SDK $(SRCROOT)/../../JuceLibraryCode /Applications/JUCE/modules /Applications/JUCE/modules/juce_audio_plugin_client";
				OTHER_LDFLAGS = "-lwaterphonePlugin";
				PRODUCT_BUNDLE_IDENTIFIER = com.yourcompany.waterphonePlugin;
				PRODUCT_NAME = waterphonePlugin;
				USE_HEADERMAP = NO;
				VALID_ARCHS = "i386 x86_64 arm64 arm64e";
			};
			name = Debug;
		};
		F44F5CD663F9431A0D0B4635 /* Release */ = {
			isa = XCBuildConfiguration;
			buildSettings = {
				CLANG_CXX_LANGUAGE_STANDARD = "c++14";
				CLANG_CXX_LIBRARY = "libc++";
				CLANG_LINK_OBJC_RUNTIME = NO;
				CODE_SIGN_IDENTITY = "";
				COMBINE_HIDPI_IMAGES = YES;
				CONFIGURATION_BUILD_DIR = "$(PROJECT_DIR)/build/$(CONFIGURATION)";
				DEAD_CODE_STRIPPING = YES;
				DEPLOYMENT_LOCATION = YES;
				DSTROOT = /;
				GCC_GENERATE_DEBUGGING_SYMBOLS = NO;
				GCC_OPTIMIZATION_LEVEL = 3;
				GCC_PREPROCESSOR_DEFINITIONS = (
					"_NDEBUG=1",
					"NDEBUG=1",
					"JUCE_DISPLAY_SPLASH_SCREEN=1",
					"JUCE_USE_DARK_SPLASH_SCREEN=1",
					"JUCE_PROJUCER_VERSION=0x60102",
					"JUCE_MODULE_AVAILABLE_juce_audio_basics=1",
					"JUCE_MODULE_AVAILABLE_juce_audio_devices=1",
					"JUCE_MODULE_AVAILABLE_juce_audio_formats=1",
					"JUCE_MODULE_AVAILABLE_juce_audio_plugin_client=1",
					"JUCE_MODULE_AVAILABLE_juce_audio_processors=1",
					"JUCE_MODULE_AVAILABLE_juce_audio_utils=1",
					"JUCE_MODULE_AVAILABLE_juce_core=1",
					"JUCE_MODULE_AVAILABLE_juce_data_structures=1",
					"JUCE_MODULE_AVAILABLE_juce_events=1",
					"JUCE_MODULE_AVAILABLE_juce_graphics=1",
					"JUCE_MODULE_AVAILABLE_juce_gui_basics=1",
					"JUCE_MODULE_AVAILABLE_juce_gui_extra=1",
					"JUCE_GLOBAL_MODULE_SETTINGS_INCLUDED=1",
					"JUCE_VST3_CAN_REPLACE_VST2=0",
					"JUCE_STRICT_REFCOUNTEDPOINTER=1",
					"JucePlugin_Build_VST=0",
					"JucePlugin_Build_VST3=0",
					"JucePlugin_Build_AU=1",
					"JucePlugin_Build_AUv3=0",
					"JucePlugin_Build_RTAS=0",
					"JucePlugin_Build_AAX=0",
					"JucePlugin_Build_Standalone=0",
					"JucePlugin_Build_Unity=0",
					"JucePlugin_Enable_IAA=0",
					"JucePlugin_Name=\\\"waterphonePlugin\\\"",
					"JucePlugin_Desc=\\\"waterphonePlugin\\\"",
					"JucePlugin_Manufacturer=\\\"yourcompany\\\"",
					"JucePlugin_ManufacturerWebsite=\\\"\\\"",
					"JucePlugin_ManufacturerEmail=\\\"\\\"",
					"JucePlugin_ManufacturerCode=0x4d616e75",
					"JucePlugin_PluginCode=0x5373336e",
					"JucePlugin_IsSynth=0",
					"JucePlugin_WantsMidiInput=0",
					"JucePlugin_ProducesMidiOutput=0",
					"JucePlugin_IsMidiEffect=0",
					"JucePlugin_EditorRequiresKeyboardFocus=0",
					"JucePlugin_Version=1.0.0",
					"JucePlugin_VersionCode=0x10000",
					"JucePlugin_VersionString=\\\"1.0.0\\\"",
					"JucePlugin_VSTUniqueID=JucePlugin_PluginCode",
					"JucePlugin_VSTCategory=kPlugCategEffect",
					"JucePlugin_Vst3Category=\\\"Fx\\\"",
					"JucePlugin_AUMainType='aufx'",
					"JucePlugin_AUSubType=JucePlugin_PluginCode",
					"JucePlugin_AUExportPrefix=waterphonePluginAU",
					"JucePlugin_AUExportPrefixQuoted=\\\"waterphonePluginAU\\\"",
					"JucePlugin_AUManufacturerCode=JucePlugin_ManufacturerCode",
					"JucePlugin_CFBundleIdentifier=com.yourcompany.waterphonePlugin",
					"JucePlugin_RTASCategory=0",
					"JucePlugin_RTASManufacturerCode=JucePlugin_ManufacturerCode",
					"JucePlugin_RTASProductId=JucePlugin_PluginCode",
					"JucePlugin_RTASDisableBypass=0",
					"JucePlugin_RTASDisableMultiMono=0",
					"JucePlugin_AAXIdentifier=com.yourcompany.waterphonePlugin",
					"JucePlugin_AAXManufacturerCode=JucePlugin_ManufacturerCode",
					"JucePlugin_AAXProductId=JucePlugin_PluginCode",
					"JucePlugin_AAXCategory=0",
					"JucePlugin_AAXDisableBypass=0",
					"JucePlugin_AAXDisableMultiMono=0",
					"JucePlugin_IAAType=0x61757278",
					"JucePlugin_IAASubType=JucePlugin_PluginCode",
					"JucePlugin_IAAName=\\\"yourcompany:\\ waterphonePlugin\\\"",
					"JucePlugin_VSTNumMidiInputs=16",
					"JucePlugin_VSTNumMidiOutputs=16",
					"JUCE_STANDALONE_APPLICATION=JucePlugin_Build_Standalone",
					"JUCER_XCODE_MAC_F6D2F4CF=1",
					"JUCE_APP_VERSION=1.0.0",
					"JUCE_APP_VERSION_HEX=0x10000",
				);
				GCC_VERSION = com.apple.compilers.llvm.clang.1_0;
				GENERATE_PKGINFO_FILE = YES;
				HEADER_SEARCH_PATHS = (
					/Applications/JUCE/modules/juce_audio_processors/format_types/VST3_SDK,
					/Users/charis/Documents/VST_SDK/VST3_SDK,
					"$(SRCROOT)/../../JuceLibraryCode",
					/Applications/JUCE/modules,
					/Applications/JUCE/modules/juce_audio_plugin_client,
					"$(inherited)",
				);
				INFOPLIST_FILE = "Info-AU.plist";
				INFOPLIST_PREPROCESS = NO;
				INSTALL_PATH = "$(HOME)/Library/Audio/Plug-Ins/Components/";
				LIBRARY_STYLE = Bundle;
				LLVM_LTO = YES;
				MACOSX_DEPLOYMENT_TARGET = 10.11;
				MTL_HEADER_SEARCH_PATHS = "/Applications/JUCE/modules/juce_audio_processors/format_types/VST3_SDK /Users/charis/Documents/VST_SDK/VST3_SDK $(SRCROOT)/../../JuceLibraryCode /Applications/JUCE/modules /Applications/JUCE/modules/juce_audio_plugin_client";
				OTHER_LDFLAGS = (
					"-bundle",
					"-lwaterphonePlugin",
				);
				OTHER_REZFLAGS = "-d ppc_$ppc -d i386_$i386 -d ppc64_$ppc64 -d x86_64_$x86_64 -d arm64_$arm64 -I /System/Library/Frameworks/CoreServices.framework/Frameworks/CarbonCore.framework/Versions/A/Headers -I \"$(DEVELOPER_DIR)/Extras/CoreAudio/AudioUnits/AUPublic/AUBase\" -I \"$(DEVELOPER_DIR)/Platforms/MacOSX.platform/Developer/SDKs/MacOSX.sdk/System/Library/Frameworks/AudioUnit.framework/Headers\"";
				PRODUCT_BUNDLE_IDENTIFIER = com.yourcompany.waterphonePlugin;
				PRODUCT_NAME = waterphonePlugin;
				USE_HEADERMAP = NO;
				VALID_ARCHS = "i386 x86_64 arm64 arm64e";
				WRAPPER_EXTENSION = component;
			};
			name = Release;
		};
/* End XCBuildConfiguration section */

/* Begin XCConfigurationList section */
		19FC75B009DBCEB0B49B5595 /* Build configuration list for PBXAggregateTarget "waterphonePlugin - All" */ = {
			isa = XCConfigurationList;
			buildConfigurations = (
				D5661644D480210F4076EBA2 /* Debug */,
				0672BA45714A7F51C0787F0E /* Release */,
			);
			defaultConfigurationIsVisible = 0;
			defaultConfigurationName = Debug;
		};
		6F5CB34645C4BD4CFD43AECE /* Build configuration list for PBXNativeTarget "waterphonePlugin - Shared Code" */ = {
			isa = XCConfigurationList;
			buildConfigurations = (
				3E47103FD4A9C47823F50BBE /* Debug */,
				75896F98C0B28C129C8531F3 /* Release */,
			);
			defaultConfigurationIsVisible = 0;
			defaultConfigurationName = Debug;
		};
		9D5194BAAFAA39120BBA7BE8 /* Build configuration list for PBXNativeTarget "waterphonePlugin - Standalone Plugin" */ = {
			isa = XCConfigurationList;
			buildConfigurations = (
				EE6793C8B119F5B58C65FAFD /* Debug */,
				B7138B526FA55CE24DF7476E /* Release */,
			);
			defaultConfigurationIsVisible = 0;
			defaultConfigurationName = Debug;
		};
		A2D7465F00B3B3768C60F84C /* Build configuration list for PBXProject "waterphonePlugin" */ = {
			isa = XCConfigurationList;
			buildConfigurations = (
				342DA9B27D8CB0B57CECC5E0 /* Release */,
				5786A1DFFF4ECBA9FCAB9258 /* Debug */,
			);
			defaultConfigurationIsVisible = 0;
			defaultConfigurationName = Debug;
		};
		C20960BD72761737839B8280 /* Build configuration list for PBXNativeTarget "waterphonePlugin - AU" */ = {
			isa = XCConfigurationList;
			buildConfigurations = (
				8859624E45518B909E276E2F /* Debug */,
				F44F5CD663F9431A0D0B4635 /* Release */,
			);
			defaultConfigurationIsVisible = 0;
			defaultConfigurationName = Debug;
		};
		ECB9730D790A343572FAA9D8 /* Build configuration list for PBXNativeTarget "waterphonePlugin - VST3" */ = {
			isa = XCConfigurationList;
			buildConfigurations = (
				19F004ADDE31C1B80FB810A0 /* Debug */,
				9AB6E0295CBAF913CC565ED9 /* Release */,
			);
			defaultConfigurationIsVisible = 0;
			defaultConfigurationName = Debug;
		};
/* End XCConfigurationList section */
	};
	rootObject = CA4DC736217D9A22F96CEA82 /* Project object */;
}
